
Microsoft Visual Studio Solution File, Format Version 12.00
# Visual Studio Version 16
VisualStudioVersion = 16.0.31112.23
MinimumVisualStudioVersion = 10.0.40219.1
Project("{8BC9CEB8-8B4A-11D0-8D11-00A0C91BC942}") = "FileSandboxConsole", "FileSandbox\FileSandbox.vcxproj", "{75466F99-D126-42E7-A88E-53F66D4607CB}"
	ProjectSection(ProjectDependencies) = postProject
		{37489709-8054-4903-9C49-A79846049FC9} = {37489709-8054-4903-9C49-A79846049FC9}
		{62631A89-6E5F-4FF7-B2E1-5D8F25466EDD} = {62631A89-6E5F-4FF7-B2E1-5D8F25466EDD}
		{DFF0EDAB-6F1D-4160-A1CC-B574B8581E42} = {DFF0EDAB-6F1D-4160-A1CC-B574B8581E42}
		{E40B8CFA-DB30-45CF-9ED8-621B9E742FD6} = {E40B8CFA-DB30-45CF-9ED8-621B9E742FD6}
	EndProjectSection
EndProject
Project("{8BC9CEB8-8B4A-11D0-8D11-00A0C91BC942}") = "FileSandboxHelperDll", "FileSandboxHelperDll\FileSandboxHelperDll.vcxproj", "{E40B8CFA-DB30-45CF-9ED8-621B9E742FD6}"
	ProjectSection(ProjectDependencies) = postProject
		{37489709-8054-4903-9C49-A79846049FC9} = {37489709-8054-4903-9C49-A79846049FC9}
		{62631A89-6E5F-4FF7-B2E1-5D8F25466EDD} = {62631A89-6E5F-4FF7-B2E1-5D8F25466EDD}
		{DFF0EDAB-6F1D-4160-A1CC-B574B8581E42} = {DFF0EDAB-6F1D-4160-A1CC-B574B8581E42}
	EndProjectSection
EndProject
Project("{8BC9CEB8-8B4A-11D0-8D11-00A0C91BC942}") = "Detours", "Detours-master\vc\Detours.vcxproj", "{37489709-8054-4903-9C49-A79846049FC9}"
EndProject
Project("{8BC9CEB8-8B4A-11D0-8D11-00A0C91BC942}") = "FilesandboxClientDllProtocol", "FilesandboxClientDllProtocol\FilesandboxClientDllProtocol.vcxproj", "{62631A89-6E5F-4FF7-B2E1-5D8F25466EDD}"
EndProject
Project("{2150E333-8FDC-42A3-9474-1A3956D46DE8}") = "Solution Items", "Solution Items", "{96470886-31E8-4FBB-87EE-1912416A5358}"
	ProjectSection(SolutionItems) = preProject
		Readme.md = Readme.md
	EndProjectSection
EndProject
Project("{2150E333-8FDC-42A3-9474-1A3956D46DE8}") = "TestDummy", "TestDummy", "{D108851A-A924-4047-AF33-B0746C077440}"
EndProject
Project("{8BC9CEB8-8B4A-11D0-8D11-00A0C91BC942}") = "HelloWorld", "HelloWorld\HelloWorld.vcxproj", "{1D2085DE-27BD-4578-AEF1-AA5C52DF0C76}"
EndProject
Project("{8BC9CEB8-8B4A-11D0-8D11-00A0C91BC942}") = "StaticIncludes", "StaticIncludes\StaticIncludes.vcxproj", "{DFF0EDAB-6F1D-4160-A1CC-B574B8581E42}"
EndProject
Project("{2150E333-8FDC-42A3-9474-1A3956D46DE8}") = "DllHelpers", "DllHelpers", "{ACF7442C-24A1-4D99-9115-A0F8018098CB}"
EndProject
Project("{8BC9CEB8-8B4A-11D0-8D11-00A0C91BC942}") = "FileSandBoxApi", "FileSandBoxLibrary\FileSandBoxLibrary.vcxproj", "{EE72FBFC-DB2D-4224-8D1F-27E80BB64E18}"
EndProject
Global
	GlobalSection(SolutionConfigurationPlatforms) = preSolution
		Debug|ARM = Debug|ARM
		Debug|ARM64 = Debug|ARM64
		Debug|x64 = Debug|x64
		Debug|x86 = Debug|x86
		DebugMDd|ARM = DebugMDd|ARM
		DebugMDd|ARM64 = DebugMDd|ARM64
		DebugMDd|x64 = DebugMDd|x64
		DebugMDd|x86 = DebugMDd|x86
		Release|ARM = Release|ARM
		Release|ARM64 = Release|ARM64
		Release|x64 = Release|x64
		Release|x86 = Release|x86
		ReleaseMD|ARM = ReleaseMD|ARM
		ReleaseMD|ARM64 = ReleaseMD|ARM64
		ReleaseMD|x64 = ReleaseMD|x64
		ReleaseMD|x86 = ReleaseMD|x86
	EndGlobalSection
	GlobalSection(ProjectConfigurationPlatforms) = postSolution
		{75466F99-D126-42E7-A88E-53F66D4607CB}.Debug|ARM.ActiveCfg = Debug|Win32
		{75466F99-D126-42E7-A88E-53F66D4607CB}.Debug|ARM64.ActiveCfg = Debug|Win32
		{75466F99-D126-42E7-A88E-53F66D4607CB}.Debug|x64.ActiveCfg = Debug|x64
		{75466F99-D126-42E7-A88E-53F66D4607CB}.Debug|x64.Build.0 = Debug|x64
		{75466F99-D126-42E7-A88E-53F66D4607CB}.Debug|x86.ActiveCfg = Debug|Win32
		{75466F99-D126-42E7-A88E-53F66D4607CB}.Debug|x86.Build.0 = Debug|Win32
		{75466F99-D126-42E7-A88E-53F66D4607CB}.DebugMDd|ARM.ActiveCfg = Debug|Win32
		{75466F99-D126-42E7-A88E-53F66D4607CB}.DebugMDd|ARM.Build.0 = Debug|Win32
		{75466F99-D126-42E7-A88E-53F66D4607CB}.DebugMDd|ARM64.ActiveCfg = Debug|Win32
		{75466F99-D126-42E7-A88E-53F66D4607CB}.DebugMDd|ARM64.Build.0 = Debug|Win32
		{75466F99-D126-42E7-A88E-53F66D4607CB}.DebugMDd|x64.ActiveCfg = Debug|x64
		{75466F99-D126-42E7-A88E-53F66D4607CB}.DebugMDd|x64.Build.0 = Debug|x64
		{75466F99-D126-42E7-A88E-53F66D4607CB}.DebugMDd|x86.ActiveCfg = Debug|Win32
		{75466F99-D126-42E7-A88E-53F66D4607CB}.DebugMDd|x86.Build.0 = Debug|Win32
		{75466F99-D126-42E7-A88E-53F66D4607CB}.Release|ARM.ActiveCfg = Release|Win32
		{75466F99-D126-42E7-A88E-53F66D4607CB}.Release|ARM64.ActiveCfg = Release|Win32
		{75466F99-D126-42E7-A88E-53F66D4607CB}.Release|x64.ActiveCfg = Release|x64
		{75466F99-D126-42E7-A88E-53F66D4607CB}.Release|x64.Build.0 = Release|x64
		{75466F99-D126-42E7-A88E-53F66D4607CB}.Release|x86.ActiveCfg = Release|Win32
		{75466F99-D126-42E7-A88E-53F66D4607CB}.Release|x86.Build.0 = Release|Win32
		{75466F99-D126-42E7-A88E-53F66D4607CB}.ReleaseMD|ARM.ActiveCfg = Debug|Win32
		{75466F99-D126-42E7-A88E-53F66D4607CB}.ReleaseMD|ARM.Build.0 = Debug|Win32
		{75466F99-D126-42E7-A88E-53F66D4607CB}.ReleaseMD|ARM64.ActiveCfg = Debug|Win32
		{75466F99-D126-42E7-A88E-53F66D4607CB}.ReleaseMD|ARM64.Build.0 = Debug|Win32
		{75466F99-D126-42E7-A88E-53F66D4607CB}.ReleaseMD|x64.ActiveCfg = Release|x64
		{75466F99-D126-42E7-A88E-53F66D4607CB}.ReleaseMD|x64.Build.0 = Release|x64
		{75466F99-D126-42E7-A88E-53F66D4607CB}.ReleaseMD|x86.ActiveCfg = Release|Win32
		{75466F99-D126-42E7-A88E-53F66D4607CB}.ReleaseMD|x86.Build.0 = Release|Win32
		{E40B8CFA-DB30-45CF-9ED8-621B9E742FD6}.Debug|ARM.ActiveCfg = Debug|Win32
		{E40B8CFA-DB30-45CF-9ED8-621B9E742FD6}.Debug|ARM64.ActiveCfg = Debug|Win32
		{E40B8CFA-DB30-45CF-9ED8-621B9E742FD6}.Debug|x64.ActiveCfg = Debug|x64
		{E40B8CFA-DB30-45CF-9ED8-621B9E742FD6}.Debug|x64.Build.0 = Debug|x64
		{E40B8CFA-DB30-45CF-9ED8-621B9E742FD6}.Debug|x86.ActiveCfg = Debug|Win32
		{E40B8CFA-DB30-45CF-9ED8-621B9E742FD6}.Debug|x86.Build.0 = Debug|Win32
		{E40B8CFA-DB30-45CF-9ED8-621B9E742FD6}.DebugMDd|ARM.ActiveCfg = Debug|Win32
		{E40B8CFA-DB30-45CF-9ED8-621B9E742FD6}.DebugMDd|ARM.Build.0 = Debug|Win32
		{E40B8CFA-DB30-45CF-9ED8-621B9E742FD6}.DebugMDd|ARM64.ActiveCfg = Debug|Win32
		{E40B8CFA-DB30-45CF-9ED8-621B9E742FD6}.DebugMDd|ARM64.Build.0 = Debug|Win32
		{E40B8CFA-DB30-45CF-9ED8-621B9E742FD6}.DebugMDd|x64.ActiveCfg = Debug|x64
		{E40B8CFA-DB30-45CF-9ED8-621B9E742FD6}.DebugMDd|x64.Build.0 = Debug|x64
		{E40B8CFA-DB30-45CF-9ED8-621B9E742FD6}.DebugMDd|x86.ActiveCfg = Debug|Win32
		{E40B8CFA-DB30-45CF-9ED8-621B9E742FD6}.DebugMDd|x86.Build.0 = Debug|Win32
		{E40B8CFA-DB30-45CF-9ED8-621B9E742FD6}.Release|ARM.ActiveCfg = Release|Win32
		{E40B8CFA-DB30-45CF-9ED8-621B9E742FD6}.Release|ARM64.ActiveCfg = Release|Win32
		{E40B8CFA-DB30-45CF-9ED8-621B9E742FD6}.Release|x64.ActiveCfg = Release|x64
		{E40B8CFA-DB30-45CF-9ED8-621B9E742FD6}.Release|x64.Build.0 = Release|x64
		{E40B8CFA-DB30-45CF-9ED8-621B9E742FD6}.Release|x86.ActiveCfg = Release|Win32
		{E40B8CFA-DB30-45CF-9ED8-621B9E742FD6}.Release|x86.Build.0 = Release|Win32
		{E40B8CFA-DB30-45CF-9ED8-621B9E742FD6}.ReleaseMD|ARM.ActiveCfg = Debug|Win32
		{E40B8CFA-DB30-45CF-9ED8-621B9E742FD6}.ReleaseMD|ARM.Build.0 = Debug|Win32
		{E40B8CFA-DB30-45CF-9ED8-621B9E742FD6}.ReleaseMD|ARM64.ActiveCfg = Debug|Win32
		{E40B8CFA-DB30-45CF-9ED8-621B9E742FD6}.ReleaseMD|ARM64.Build.0 = Debug|Win32
		{E40B8CFA-DB30-45CF-9ED8-621B9E742FD6}.ReleaseMD|x64.ActiveCfg = Release|x64
		{E40B8CFA-DB30-45CF-9ED8-621B9E742FD6}.ReleaseMD|x64.Build.0 = Release|x64
		{E40B8CFA-DB30-45CF-9ED8-621B9E742FD6}.ReleaseMD|x86.ActiveCfg = Release|Win32
		{E40B8CFA-DB30-45CF-9ED8-621B9E742FD6}.ReleaseMD|x86.Build.0 = Release|Win32
		{37489709-8054-4903-9C49-A79846049FC9}.Debug|ARM.ActiveCfg = Debug|ARM
		{37489709-8054-4903-9C49-A79846049FC9}.Debug|ARM.Build.0 = Debug|ARM
		{37489709-8054-4903-9C49-A79846049FC9}.Debug|ARM64.ActiveCfg = Debug|ARM64
		{37489709-8054-4903-9C49-A79846049FC9}.Debug|ARM64.Build.0 = Debug|ARM64
		{37489709-8054-4903-9C49-A79846049FC9}.Debug|x64.ActiveCfg = Debug|x64
		{37489709-8054-4903-9C49-A79846049FC9}.Debug|x64.Build.0 = Debug|x64
		{37489709-8054-4903-9C49-A79846049FC9}.Debug|x86.ActiveCfg = Debug|Win32
		{37489709-8054-4903-9C49-A79846049FC9}.Debug|x86.Build.0 = Debug|Win32
		{37489709-8054-4903-9C49-A79846049FC9}.DebugMDd|ARM.ActiveCfg = Debug|ARM
		{37489709-8054-4903-9C49-A79846049FC9}.DebugMDd|ARM.Build.0 = Debug|ARM
		{37489709-8054-4903-9C49-A79846049FC9}.DebugMDd|ARM64.ActiveCfg = Debug|ARM64
		{37489709-8054-4903-9C49-A79846049FC9}.DebugMDd|ARM64.Build.0 = Debug|ARM64
		{37489709-8054-4903-9C49-A79846049FC9}.DebugMDd|x64.ActiveCfg = Debug|x64
		{37489709-8054-4903-9C49-A79846049FC9}.DebugMDd|x64.Build.0 = Debug|x64
		{37489709-8054-4903-9C49-A79846049FC9}.DebugMDd|x86.ActiveCfg = Debug|Win32
		{37489709-8054-4903-9C49-A79846049FC9}.DebugMDd|x86.Build.0 = Debug|Win32
		{37489709-8054-4903-9C49-A79846049FC9}.Release|ARM.ActiveCfg = Release|ARM
		{37489709-8054-4903-9C49-A79846049FC9}.Release|ARM.Build.0 = Release|ARM
		{37489709-8054-4903-9C49-A79846049FC9}.Release|ARM64.ActiveCfg = Release|ARM64
		{37489709-8054-4903-9C49-A79846049FC9}.Release|ARM64.Build.0 = Release|ARM64
		{37489709-8054-4903-9C49-A79846049FC9}.Release|x64.ActiveCfg = Release|x64
		{37489709-8054-4903-9C49-A79846049FC9}.Release|x64.Build.0 = Release|x64
		{37489709-8054-4903-9C49-A79846049FC9}.Release|x86.ActiveCfg = Release|Win32
		{37489709-8054-4903-9C49-A79846049FC9}.Release|x86.Build.0 = Release|Win32
		{37489709-8054-4903-9C49-A79846049FC9}.ReleaseMD|ARM.ActiveCfg = Release|ARM
		{37489709-8054-4903-9C49-A79846049FC9}.ReleaseMD|ARM.Build.0 = Release|ARM
		{37489709-8054-4903-9C49-A79846049FC9}.ReleaseMD|ARM64.ActiveCfg = Release|ARM64
		{37489709-8054-4903-9C49-A79846049FC9}.ReleaseMD|ARM64.Build.0 = Release|ARM64
		{37489709-8054-4903-9C49-A79846049FC9}.ReleaseMD|x64.ActiveCfg = Release|x64
		{37489709-8054-4903-9C49-A79846049FC9}.ReleaseMD|x64.Build.0 = Release|x64
		{37489709-8054-4903-9C49-A79846049FC9}.ReleaseMD|x86.ActiveCfg = Release|Win32
		{37489709-8054-4903-9C49-A79846049FC9}.ReleaseMD|x86.Build.0 = Release|Win32
		{62631A89-6E5F-4FF7-B2E1-5D8F25466EDD}.Debug|ARM.ActiveCfg = Debug|Win32
		{62631A89-6E5F-4FF7-B2E1-5D8F25466EDD}.Debug|ARM64.ActiveCfg = Debug|Win32
		{62631A89-6E5F-4FF7-B2E1-5D8F25466EDD}.Debug|x64.ActiveCfg = Debug|x64
		{62631A89-6E5F-4FF7-B2E1-5D8F25466EDD}.Debug|x64.Build.0 = Debug|x64
		{62631A89-6E5F-4FF7-B2E1-5D8F25466EDD}.Debug|x86.ActiveCfg = Debug|Win32
		{62631A89-6E5F-4FF7-B2E1-5D8F25466EDD}.Debug|x86.Build.0 = Debug|Win32
		{62631A89-6E5F-4FF7-B2E1-5D8F25466EDD}.DebugMDd|ARM.ActiveCfg = Debug|Win32
		{62631A89-6E5F-4FF7-B2E1-5D8F25466EDD}.DebugMDd|ARM.Build.0 = Debug|Win32
		{62631A89-6E5F-4FF7-B2E1-5D8F25466EDD}.DebugMDd|ARM64.ActiveCfg = Debug|Win32
		{62631A89-6E5F-4FF7-B2E1-5D8F25466EDD}.DebugMDd|ARM64.Build.0 = Debug|Win32
		{62631A89-6E5F-4FF7-B2E1-5D8F25466EDD}.DebugMDd|x64.ActiveCfg = Debug|x64
		{62631A89-6E5F-4FF7-B2E1-5D8F25466EDD}.DebugMDd|x64.Build.0 = Debug|x64
		{62631A89-6E5F-4FF7-B2E1-5D8F25466EDD}.DebugMDd|x86.ActiveCfg = Debug|Win32
		{62631A89-6E5F-4FF7-B2E1-5D8F25466EDD}.DebugMDd|x86.Build.0 = Debug|Win32
		{62631A89-6E5F-4FF7-B2E1-5D8F25466EDD}.Release|ARM.ActiveCfg = Release|Win32
		{62631A89-6E5F-4FF7-B2E1-5D8F25466EDD}.Release|ARM64.ActiveCfg = Release|Win32
		{62631A89-6E5F-4FF7-B2E1-5D8F25466EDD}.Release|x64.ActiveCfg = Release|x64
		{62631A89-6E5F-4FF7-B2E1-5D8F25466EDD}.Release|x64.Build.0 = Release|x64
		{62631A89-6E5F-4FF7-B2E1-5D8F25466EDD}.Release|x86.ActiveCfg = Release|Win32
		{62631A89-6E5F-4FF7-B2E1-5D8F25466EDD}.Release|x86.Build.0 = Release|Win32
		{62631A89-6E5F-4FF7-B2E1-5D8F25466EDD}.ReleaseMD|ARM.ActiveCfg = Debug|Win32
		{62631A89-6E5F-4FF7-B2E1-5D8F25466EDD}.ReleaseMD|ARM.Build.0 = Debug|Win32
		{62631A89-6E5F-4FF7-B2E1-5D8F25466EDD}.ReleaseMD|ARM64.ActiveCfg = Debug|Win32
		{62631A89-6E5F-4FF7-B2E1-5D8F25466EDD}.ReleaseMD|ARM64.Build.0 = Debug|Win32
		{62631A89-6E5F-4FF7-B2E1-5D8F25466EDD}.ReleaseMD|x64.ActiveCfg = Release|x64
		{62631A89-6E5F-4FF7-B2E1-5D8F25466EDD}.ReleaseMD|x64.Build.0 = Release|x64
		{62631A89-6E5F-4FF7-B2E1-5D8F25466EDD}.ReleaseMD|x86.ActiveCfg = Release|Win32
		{62631A89-6E5F-4FF7-B2E1-5D8F25466EDD}.ReleaseMD|x86.Build.0 = Release|Win32
		{1D2085DE-27BD-4578-AEF1-AA5C52DF0C76}.Debug|ARM.ActiveCfg = Debug|Win32
		{1D2085DE-27BD-4578-AEF1-AA5C52DF0C76}.Debug|ARM64.ActiveCfg = Debug|Win32
		{1D2085DE-27BD-4578-AEF1-AA5C52DF0C76}.Debug|x64.ActiveCfg = Debug|x64
		{1D2085DE-27BD-4578-AEF1-AA5C52DF0C76}.Debug|x64.Build.0 = Debug|x64
		{1D2085DE-27BD-4578-AEF1-AA5C52DF0C76}.Debug|x86.ActiveCfg = Debug|Win32
		{1D2085DE-27BD-4578-AEF1-AA5C52DF0C76}.Debug|x86.Build.0 = Debug|Win32
		{1D2085DE-27BD-4578-AEF1-AA5C52DF0C76}.DebugMDd|ARM.ActiveCfg = Debug|Win32
		{1D2085DE-27BD-4578-AEF1-AA5C52DF0C76}.DebugMDd|ARM.Build.0 = Debug|Win32
		{1D2085DE-27BD-4578-AEF1-AA5C52DF0C76}.DebugMDd|ARM64.ActiveCfg = Debug|Win32
		{1D2085DE-27BD-4578-AEF1-AA5C52DF0C76}.DebugMDd|ARM64.Build.0 = Debug|Win32
		{1D2085DE-27BD-4578-AEF1-AA5C52DF0C76}.DebugMDd|x64.ActiveCfg = Debug|x64
		{1D2085DE-27BD-4578-AEF1-AA5C52DF0C76}.DebugMDd|x64.Build.0 = Debug|x64
		{1D2085DE-27BD-4578-AEF1-AA5C52DF0C76}.DebugMDd|x86.ActiveCfg = Debug|Win32
		{1D2085DE-27BD-4578-AEF1-AA5C52DF0C76}.DebugMDd|x86.Build.0 = Debug|Win32
		{1D2085DE-27BD-4578-AEF1-AA5C52DF0C76}.Release|ARM.ActiveCfg = Release|Win32
		{1D2085DE-27BD-4578-AEF1-AA5C52DF0C76}.Release|ARM64.ActiveCfg = Release|Win32
		{1D2085DE-27BD-4578-AEF1-AA5C52DF0C76}.Release|x64.ActiveCfg = Release|x64
		{1D2085DE-27BD-4578-AEF1-AA5C52DF0C76}.Release|x64.Build.0 = Release|x64
		{1D2085DE-27BD-4578-AEF1-AA5C52DF0C76}.Release|x86.ActiveCfg = Release|Win32
		{1D2085DE-27BD-4578-AEF1-AA5C52DF0C76}.Release|x86.Build.0 = Release|Win32
		{1D2085DE-27BD-4578-AEF1-AA5C52DF0C76}.ReleaseMD|ARM.ActiveCfg = Debug|Win32
		{1D2085DE-27BD-4578-AEF1-AA5C52DF0C76}.ReleaseMD|ARM.Build.0 = Debug|Win32
		{1D2085DE-27BD-4578-AEF1-AA5C52DF0C76}.ReleaseMD|ARM64.ActiveCfg = Debug|Win32
		{1D2085DE-27BD-4578-AEF1-AA5C52DF0C76}.ReleaseMD|ARM64.Build.0 = Debug|Win32
		{1D2085DE-27BD-4578-AEF1-AA5C52DF0C76}.ReleaseMD|x64.ActiveCfg = Release|x64
		{1D2085DE-27BD-4578-AEF1-AA5C52DF0C76}.ReleaseMD|x64.Build.0 = Release|x64
		{1D2085DE-27BD-4578-AEF1-AA5C52DF0C76}.ReleaseMD|x86.ActiveCfg = Release|Win32
		{1D2085DE-27BD-4578-AEF1-AA5C52DF0C76}.ReleaseMD|x86.Build.0 = Release|Win32
		{DFF0EDAB-6F1D-4160-A1CC-B574B8581E42}.Debug|ARM.ActiveCfg = Debug|Win32
		{DFF0EDAB-6F1D-4160-A1CC-B574B8581E42}.Debug|ARM64.ActiveCfg = Debug|Win32
		{DFF0EDAB-6F1D-4160-A1CC-B574B8581E42}.Debug|x64.ActiveCfg = Debug|x64
		{DFF0EDAB-6F1D-4160-A1CC-B574B8581E42}.Debug|x64.Build.0 = Debug|x64
		{DFF0EDAB-6F1D-4160-A1CC-B574B8581E42}.Debug|x86.ActiveCfg = Debug|Win32
		{DFF0EDAB-6F1D-4160-A1CC-B574B8581E42}.Debug|x86.Build.0 = Debug|Win32
		{DFF0EDAB-6F1D-4160-A1CC-B574B8581E42}.DebugMDd|ARM.ActiveCfg = Debug|Win32
		{DFF0EDAB-6F1D-4160-A1CC-B574B8581E42}.DebugMDd|ARM.Build.0 = Debug|Win32
		{DFF0EDAB-6F1D-4160-A1CC-B574B8581E42}.DebugMDd|ARM64.ActiveCfg = Debug|Win32
		{DFF0EDAB-6F1D-4160-A1CC-B574B8581E42}.DebugMDd|ARM64.Build.0 = Debug|Win32
		{DFF0EDAB-6F1D-4160-A1CC-B574B8581E42}.DebugMDd|x64.ActiveCfg = Debug|x64
		{DFF0EDAB-6F1D-4160-A1CC-B574B8581E42}.DebugMDd|x64.Build.0 = Debug|x64
		{DFF0EDAB-6F1D-4160-A1CC-B574B8581E42}.DebugMDd|x86.ActiveCfg = Debug|Win32
		{DFF0EDAB-6F1D-4160-A1CC-B574B8581E42}.DebugMDd|x86.Build.0 = Debug|Win32
		{DFF0EDAB-6F1D-4160-A1CC-B574B8581E42}.Release|ARM.ActiveCfg = Release|Win32
		{DFF0EDAB-6F1D-4160-A1CC-B574B8581E42}.Release|ARM64.ActiveCfg = Release|Win32
		{DFF0EDAB-6F1D-4160-A1CC-B574B8581E42}.Release|x64.ActiveCfg = Release|x64
		{DFF0EDAB-6F1D-4160-A1CC-B574B8581E42}.Release|x64.Build.0 = Release|x64
		{DFF0EDAB-6F1D-4160-A1CC-B574B8581E42}.Release|x86.ActiveCfg = Release|Win32
		{DFF0EDAB-6F1D-4160-A1CC-B574B8581E42}.Release|x86.Build.0 = Release|Win32
		{DFF0EDAB-6F1D-4160-A1CC-B574B8581E42}.ReleaseMD|ARM.ActiveCfg = Debug|Win32
		{DFF0EDAB-6F1D-4160-A1CC-B574B8581E42}.ReleaseMD|ARM.Build.0 = Debug|Win32
		{DFF0EDAB-6F1D-4160-A1CC-B574B8581E42}.ReleaseMD|ARM64.ActiveCfg = Debug|Win32
		{DFF0EDAB-6F1D-4160-A1CC-B574B8581E42}.ReleaseMD|ARM64.Build.0 = Debug|Win32
		{DFF0EDAB-6F1D-4160-A1CC-B574B8581E42}.ReleaseMD|x64.ActiveCfg = Release|x64
		{DFF0EDAB-6F1D-4160-A1CC-B574B8581E42}.ReleaseMD|x64.Build.0 = Release|x64
		{DFF0EDAB-6F1D-4160-A1CC-B574B8581E42}.ReleaseMD|x86.ActiveCfg = Release|Win32
		{DFF0EDAB-6F1D-4160-A1CC-B574B8581E42}.ReleaseMD|x86.Build.0 = Release|Win32
		{EE72FBFC-DB2D-4224-8D1F-27E80BB64E18}.Debug|ARM.ActiveCfg = Debug|Win32
		{EE72FBFC-DB2D-4224-8D1F-27E80BB64E18}.Debug|ARM64.ActiveCfg = Debug|Win32
		{EE72FBFC-DB2D-4224-8D1F-27E80BB64E18}.Debug|x64.ActiveCfg = Debug|x64
		{EE72FBFC-DB2D-4224-8D1F-27E80BB64E18}.Debug|x64.Build.0 = Debug|x64
		{EE72FBFC-DB2D-4224-8D1F-27E80BB64E18}.Debug|x86.ActiveCfg = Debug|Win32
		{EE72FBFC-DB2D-4224-8D1F-27E80BB64E18}.Debug|x86.Build.0 = Debug|Win32
		{EE72FBFC-DB2D-4224-8D1F-27E80BB64E18}.DebugMDd|ARM.ActiveCfg = Debug|Win32
		{EE72FBFC-DB2D-4224-8D1F-27E80BB64E18}.DebugMDd|ARM.Build.0 = Debug|Win32
		{EE72FBFC-DB2D-4224-8D1F-27E80BB64E18}.DebugMDd|ARM64.ActiveCfg = Debug|Win32
		{EE72FBFC-DB2D-4224-8D1F-27E80BB64E18}.DebugMDd|ARM64.Build.0 = Debug|Win32
		{EE72FBFC-DB2D-4224-8D1F-27E80BB64E18}.DebugMDd|x64.ActiveCfg = Debug|x64
		{EE72FBFC-DB2D-4224-8D1F-27E80BB64E18}.DebugMDd|x64.Build.0 = Debug|x64
		{EE72FBFC-DB2D-4224-8D1F-27E80BB64E18}.DebugMDd|x86.ActiveCfg = Debug|Win32
		{EE72FBFC-DB2D-4224-8D1F-27E80BB64E18}.DebugMDd|x86.Build.0 = Debug|Win32
		{EE72FBFC-DB2D-4224-8D1F-27E80BB64E18}.Release|ARM.ActiveCfg = Release|Win32
		{EE72FBFC-DB2D-4224-8D1F-27E80BB64E18}.Release|ARM64.ActiveCfg = Release|Win32
		{EE72FBFC-DB2D-4224-8D1F-27E80BB64E18}.Release|x64.ActiveCfg = Release|x64
		{EE72FBFC-DB2D-4224-8D1F-27E80BB64E18}.Release|x64.Build.0 = Release|x64
		{EE72FBFC-DB2D-4224-8D1F-27E80BB64E18}.Release|x86.ActiveCfg = Release|Win32
		{EE72FBFC-DB2D-4224-8D1F-27E80BB64E18}.Release|x86.Build.0 = Release|Win32
		{EE72FBFC-DB2D-4224-8D1F-27E80BB64E18}.ReleaseMD|ARM.ActiveCfg = Debug|Win32
		{EE72FBFC-DB2D-4224-8D1F-27E80BB64E18}.ReleaseMD|ARM.Build.0 = Debug|Win32
		{EE72FBFC-DB2D-4224-8D1F-27E80BB64E18}.ReleaseMD|ARM64.ActiveCfg = Debug|Win32
		{EE72FBFC-DB2D-4224-8D1F-27E80BB64E18}.ReleaseMD|ARM64.Build.0 = Debug|Win32
		{EE72FBFC-DB2D-4224-8D1F-27E80BB64E18}.ReleaseMD|x64.ActiveCfg = Release|x64
		{EE72FBFC-DB2D-4224-8D1F-27E80BB64E18}.ReleaseMD|x64.Build.0 = Release|x64
		{EE72FBFC-DB2D-4224-8D1F-27E80BB64E18}.ReleaseMD|x86.ActiveCfg = Release|Win32
		{EE72FBFC-DB2D-4224-8D1F-27E80BB64E18}.ReleaseMD|x86.Build.0 = Release|Win32
	EndGlobalSection
	GlobalSection(SolutionProperties) = preSolution
		HideSolutionNode = FALSE
	EndGlobalSection
	GlobalSection(NestedProjects) = preSolution
		{E40B8CFA-DB30-45CF-9ED8-621B9E742FD6} = {ACF7442C-24A1-4D99-9115-A0F8018098CB}
		{1D2085DE-27BD-4578-AEF1-AA5C52DF0C76} = {D108851A-A924-4047-AF33-B0746C077440}
	EndGlobalSection
	GlobalSection(ExtensibilityGlobals) = postSolution
		SolutionGuid = {B6CF70ED-92F3-4E3A-98F2-701A62654ADB}
	EndGlobalSection
EndGlobal
