
Microsoft Visual Studio Solution File, Format Version 12.00
# Visual Studio Version 16
VisualStudioVersion = 16.0.31112.23
MinimumVisualStudioVersion = 10.0.40219.1
Project("{8BC9CEB8-8B4A-11D0-8D11-00A0C91BC942}") = "Detours", "Detours-master\vc\Detours.vcxproj", "{37489709-8054-4903-9C49-A79846049FC9}"
EndProject
Project("{2150E333-8FDC-42A3-9474-1A3956D46DE8}") = "Solution Items", "Solution Items", "{96470886-31E8-4FBB-87EE-1912416A5358}"
	ProjectSection(SolutionItems) = preProject
		FileSandBoxApi_NamingScheme.txt = FileSandBoxApi_NamingScheme.txt
		FileSandBoxGUI and FileSandBoxApi linkage.txt = FileSandBoxGUI and FileSandBoxApi linkage.txt
		GettingStarted.txt = GettingStarted.txt
		NotesTODO.txt = NotesTODO.txt
		ProjectNameConsiderations.txt = ProjectNameConsiderations.txt
		Readme.md = Readme.md
	EndProjectSection
EndProject
Project("{2150E333-8FDC-42A3-9474-1A3956D46DE8}") = "ExamplesSamples", "ExamplesSamples", "{D108851A-A924-4047-AF33-B0746C077440}"
EndProject
Project("{8BC9CEB8-8B4A-11D0-8D11-00A0C91BC942}") = "HelloWorld", "HelloWorld\HelloWorld.vcxproj", "{1D2085DE-27BD-4578-AEF1-AA5C52DF0C76}"
	ProjectSection(ProjectDependencies) = postProject
		{37489709-8054-4903-9C49-A79846049FC9} = {37489709-8054-4903-9C49-A79846049FC9}
	EndProjectSection
EndProject
Project("{2150E333-8FDC-42A3-9474-1A3956D46DE8}") = "DllHelpers", "DllHelpers", "{ACF7442C-24A1-4D99-9115-A0F8018098CB}"
EndProject
Project("{8BC9CEB8-8B4A-11D0-8D11-00A0C91BC942}") = "InsightApi", "FileSandBoxLibrary\FileSandBoxLibrary.vcxproj", "{EE72FBFC-DB2D-4224-8D1F-27E80BB64E18}"
EndProject
Project("{9A19103F-16F7-4668-BE54-9A1E7A4F7556}") = "InsightDebugger_GUI", "FileSandBox_GUI\InsightDebugger_GUI.csproj", "{DAFC28A5-056C-4F7E-AD67-373D0A888B1D}"
	ProjectSection(ProjectDependencies) = postProject
		{EE72FBFC-DB2D-4224-8D1F-27E80BB64E18} = {EE72FBFC-DB2D-4224-8D1F-27E80BB64E18}
	EndProjectSection
EndProject
Project("{2150E333-8FDC-42A3-9474-1A3956D46DE8}") = "FrontEnds", "FrontEnds", "{08598AE4-A53E-4FE0-BC88-356B318F3BB0}"
EndProject
Project("{9A19103F-16F7-4668-BE54-9A1E7A4F7556}") = "InsightSheath", "FileSandBoxSheath\InsightSheath.csproj", "{FDFB23EF-A066-49C0-8881-B98ECB7EC470}"
EndProject
Project("{8BC9CEB8-8B4A-11D0-8D11-00A0C91BC942}") = "DetoursChainingRoutines", "Samples\DetoursChainingRoutines\DetoursChainingRoutines.vcxproj", "{1FEBBD0F-4754-4E3E-B80A-32C514D58B2F}"
EndProject
Project("{2150E333-8FDC-42A3-9474-1A3956D46DE8}") = "Tests", "Tests", "{B2EC8477-99E2-44D4-AEEA-AAE1E3916C63}"
EndProject
Project("{8BC9CEB8-8B4A-11D0-8D11-00A0C91BC942}") = "UtilityRoutineTests", "UnitTests\UtilityRoutineTests\UtilityRoutineTests.vcxproj", "{BC3F975B-4CA5-4DEF-B62C-1DC9F29DC7C3}"
EndProject
Project("{2150E333-8FDC-42A3-9474-1A3956D46DE8}") = "TelemetryDlls", "TelemetryDlls", "{53C03628-5518-4BF1-BA21-1B9E0615A9A4}"
EndProject
Project("{8BC9CEB8-8B4A-11D0-8D11-00A0C91BC942}") = "MemoryTrackingTelemetryDll", "Telemetry\MemoryTrackingTelemetryDll\MemoryTrackingTelemetryDll.vcxproj", "{7F4EC0C8-4900-496E-83E9-13BD9422616C}"
	ProjectSection(ProjectDependencies) = postProject
		{37489709-8054-4903-9C49-A79846049FC9} = {37489709-8054-4903-9C49-A79846049FC9}
	EndProjectSection
EndProject
Project("{8BC9CEB8-8B4A-11D0-8D11-00A0C91BC942}") = "TelemetryTemplate", "Telemetry\TelemetryTemplate\TelemetryTemplate.vcxproj", "{EE7C2C87-9998-4CF5-AC22-1EFE25258482}"
	ProjectSection(ProjectDependencies) = postProject
		{37489709-8054-4903-9C49-A79846049FC9} = {37489709-8054-4903-9C49-A79846049FC9}
	EndProjectSection
EndProject
Project("{8BC9CEB8-8B4A-11D0-8D11-00A0C91BC942}") = "IoDeviceTracking", "Telemetry\IoDeviceTracking\IoDeviceTracking.vcxproj", "{2BA69F61-7F66-4C88-BD86-8E78D08B751B}"
	ProjectSection(ProjectDependencies) = postProject
		{37489709-8054-4903-9C49-A79846049FC9} = {37489709-8054-4903-9C49-A79846049FC9}
	EndProjectSection
EndProject
Project("{2150E333-8FDC-42A3-9474-1A3956D46DE8}") = "BackEnd", "BackEnd", "{9329C455-49A7-45AA-A251-6D3110814349}"
EndProject
Project("{2150E333-8FDC-42A3-9474-1A3956D46DE8}") = "TestsAndExamples", "TestsAndExamples", "{D86C9961-2255-4F8B-8977-A9F256111047}"
EndProject
Global
	GlobalSection(SolutionConfigurationPlatforms) = preSolution
		Debug|Any CPU = Debug|Any CPU
		Debug|ARM = Debug|ARM
		Debug|ARM64 = Debug|ARM64
		Debug|x64 = Debug|x64
		Debug|x86 = Debug|x86
		DebugMDd|Any CPU = DebugMDd|Any CPU
		DebugMDd|ARM = DebugMDd|ARM
		DebugMDd|ARM64 = DebugMDd|ARM64
		DebugMDd|x64 = DebugMDd|x64
		DebugMDd|x86 = DebugMDd|x86
		Release|Any CPU = Release|Any CPU
		Release|ARM = Release|ARM
		Release|ARM64 = Release|ARM64
		Release|x64 = Release|x64
		Release|x86 = Release|x86
		ReleaseMD|Any CPU = ReleaseMD|Any CPU
		ReleaseMD|ARM = ReleaseMD|ARM
		ReleaseMD|ARM64 = ReleaseMD|ARM64
		ReleaseMD|x64 = ReleaseMD|x64
		ReleaseMD|x86 = ReleaseMD|x86
		ReleaseNoDebugGen|Any CPU = ReleaseNoDebugGen|Any CPU
		ReleaseNoDebugGen|ARM = ReleaseNoDebugGen|ARM
		ReleaseNoDebugGen|ARM64 = ReleaseNoDebugGen|ARM64
		ReleaseNoDebugGen|x64 = ReleaseNoDebugGen|x64
		ReleaseNoDebugGen|x86 = ReleaseNoDebugGen|x86
	EndGlobalSection
	GlobalSection(ProjectConfigurationPlatforms) = postSolution
		{37489709-8054-4903-9C49-A79846049FC9}.Debug|Any CPU.ActiveCfg = Debug|Win32
		{37489709-8054-4903-9C49-A79846049FC9}.Debug|ARM.ActiveCfg = Debug|ARM
		{37489709-8054-4903-9C49-A79846049FC9}.Debug|ARM.Build.0 = Debug|ARM
		{37489709-8054-4903-9C49-A79846049FC9}.Debug|ARM64.ActiveCfg = Debug|ARM64
		{37489709-8054-4903-9C49-A79846049FC9}.Debug|ARM64.Build.0 = Debug|ARM64
		{37489709-8054-4903-9C49-A79846049FC9}.Debug|x64.ActiveCfg = Debug|x64
		{37489709-8054-4903-9C49-A79846049FC9}.Debug|x64.Build.0 = Debug|x64
		{37489709-8054-4903-9C49-A79846049FC9}.Debug|x86.ActiveCfg = Debug|Win32
		{37489709-8054-4903-9C49-A79846049FC9}.Debug|x86.Build.0 = Debug|Win32
		{37489709-8054-4903-9C49-A79846049FC9}.DebugMDd|Any CPU.ActiveCfg = ReleaseNoDebugGen|ARM
		{37489709-8054-4903-9C49-A79846049FC9}.DebugMDd|Any CPU.Build.0 = ReleaseNoDebugGen|ARM
		{37489709-8054-4903-9C49-A79846049FC9}.DebugMDd|ARM.ActiveCfg = Debug|ARM
		{37489709-8054-4903-9C49-A79846049FC9}.DebugMDd|ARM.Build.0 = Debug|ARM
		{37489709-8054-4903-9C49-A79846049FC9}.DebugMDd|ARM64.ActiveCfg = Debug|ARM64
		{37489709-8054-4903-9C49-A79846049FC9}.DebugMDd|ARM64.Build.0 = Debug|ARM64
		{37489709-8054-4903-9C49-A79846049FC9}.DebugMDd|x64.ActiveCfg = Debug|x64
		{37489709-8054-4903-9C49-A79846049FC9}.DebugMDd|x64.Build.0 = Debug|x64
		{37489709-8054-4903-9C49-A79846049FC9}.DebugMDd|x86.ActiveCfg = Debug|Win32
		{37489709-8054-4903-9C49-A79846049FC9}.DebugMDd|x86.Build.0 = Debug|Win32
		{37489709-8054-4903-9C49-A79846049FC9}.Release|Any CPU.ActiveCfg = Release|Win32
		{37489709-8054-4903-9C49-A79846049FC9}.Release|ARM.ActiveCfg = Release|ARM
		{37489709-8054-4903-9C49-A79846049FC9}.Release|ARM.Build.0 = Release|ARM
		{37489709-8054-4903-9C49-A79846049FC9}.Release|ARM64.ActiveCfg = Release|ARM64
		{37489709-8054-4903-9C49-A79846049FC9}.Release|ARM64.Build.0 = Release|ARM64
		{37489709-8054-4903-9C49-A79846049FC9}.Release|x64.ActiveCfg = Release|x64
		{37489709-8054-4903-9C49-A79846049FC9}.Release|x64.Build.0 = Release|x64
		{37489709-8054-4903-9C49-A79846049FC9}.Release|x86.ActiveCfg = Release|Win32
		{37489709-8054-4903-9C49-A79846049FC9}.Release|x86.Build.0 = Release|Win32
		{37489709-8054-4903-9C49-A79846049FC9}.ReleaseMD|Any CPU.ActiveCfg = ReleaseNoDebugGen|ARM
		{37489709-8054-4903-9C49-A79846049FC9}.ReleaseMD|Any CPU.Build.0 = ReleaseNoDebugGen|ARM
		{37489709-8054-4903-9C49-A79846049FC9}.ReleaseMD|ARM.ActiveCfg = Release|ARM
		{37489709-8054-4903-9C49-A79846049FC9}.ReleaseMD|ARM.Build.0 = Release|ARM
		{37489709-8054-4903-9C49-A79846049FC9}.ReleaseMD|ARM64.ActiveCfg = Release|ARM64
		{37489709-8054-4903-9C49-A79846049FC9}.ReleaseMD|ARM64.Build.0 = Release|ARM64
		{37489709-8054-4903-9C49-A79846049FC9}.ReleaseMD|x64.ActiveCfg = Release|x64
		{37489709-8054-4903-9C49-A79846049FC9}.ReleaseMD|x64.Build.0 = Release|x64
		{37489709-8054-4903-9C49-A79846049FC9}.ReleaseMD|x86.ActiveCfg = Release|Win32
		{37489709-8054-4903-9C49-A79846049FC9}.ReleaseMD|x86.Build.0 = Release|Win32
		{37489709-8054-4903-9C49-A79846049FC9}.ReleaseNoDebugGen|Any CPU.ActiveCfg = ReleaseNoDebugGen|Win32
		{37489709-8054-4903-9C49-A79846049FC9}.ReleaseNoDebugGen|ARM.ActiveCfg = ReleaseNoDebugGen|ARM
		{37489709-8054-4903-9C49-A79846049FC9}.ReleaseNoDebugGen|ARM.Build.0 = ReleaseNoDebugGen|ARM
		{37489709-8054-4903-9C49-A79846049FC9}.ReleaseNoDebugGen|ARM64.ActiveCfg = ReleaseNoDebugGen|ARM64
		{37489709-8054-4903-9C49-A79846049FC9}.ReleaseNoDebugGen|ARM64.Build.0 = ReleaseNoDebugGen|ARM64
		{37489709-8054-4903-9C49-A79846049FC9}.ReleaseNoDebugGen|x64.ActiveCfg = ReleaseNoDebugGen|x64
		{37489709-8054-4903-9C49-A79846049FC9}.ReleaseNoDebugGen|x64.Build.0 = ReleaseNoDebugGen|x64
		{37489709-8054-4903-9C49-A79846049FC9}.ReleaseNoDebugGen|x86.ActiveCfg = ReleaseNoDebugGen|Win32
		{37489709-8054-4903-9C49-A79846049FC9}.ReleaseNoDebugGen|x86.Build.0 = ReleaseNoDebugGen|Win32
		{1D2085DE-27BD-4578-AEF1-AA5C52DF0C76}.Debug|Any CPU.ActiveCfg = Debug|Win32
		{1D2085DE-27BD-4578-AEF1-AA5C52DF0C76}.Debug|ARM.ActiveCfg = Debug|Win32
		{1D2085DE-27BD-4578-AEF1-AA5C52DF0C76}.Debug|ARM64.ActiveCfg = Debug|Win32
		{1D2085DE-27BD-4578-AEF1-AA5C52DF0C76}.Debug|x64.ActiveCfg = Debug|x64
		{1D2085DE-27BD-4578-AEF1-AA5C52DF0C76}.Debug|x64.Build.0 = Debug|x64
		{1D2085DE-27BD-4578-AEF1-AA5C52DF0C76}.Debug|x86.ActiveCfg = Debug|Win32
		{1D2085DE-27BD-4578-AEF1-AA5C52DF0C76}.Debug|x86.Build.0 = Debug|Win32
		{1D2085DE-27BD-4578-AEF1-AA5C52DF0C76}.DebugMDd|Any CPU.ActiveCfg = ReleaseNoDebugGen|x64
		{1D2085DE-27BD-4578-AEF1-AA5C52DF0C76}.DebugMDd|Any CPU.Build.0 = ReleaseNoDebugGen|x64
		{1D2085DE-27BD-4578-AEF1-AA5C52DF0C76}.DebugMDd|ARM.ActiveCfg = Debug|Win32
		{1D2085DE-27BD-4578-AEF1-AA5C52DF0C76}.DebugMDd|ARM.Build.0 = Debug|Win32
		{1D2085DE-27BD-4578-AEF1-AA5C52DF0C76}.DebugMDd|ARM64.ActiveCfg = Debug|Win32
		{1D2085DE-27BD-4578-AEF1-AA5C52DF0C76}.DebugMDd|ARM64.Build.0 = Debug|Win32
		{1D2085DE-27BD-4578-AEF1-AA5C52DF0C76}.DebugMDd|x64.ActiveCfg = Debug|x64
		{1D2085DE-27BD-4578-AEF1-AA5C52DF0C76}.DebugMDd|x64.Build.0 = Debug|x64
		{1D2085DE-27BD-4578-AEF1-AA5C52DF0C76}.DebugMDd|x86.ActiveCfg = Debug|Win32
		{1D2085DE-27BD-4578-AEF1-AA5C52DF0C76}.DebugMDd|x86.Build.0 = Debug|Win32
		{1D2085DE-27BD-4578-AEF1-AA5C52DF0C76}.Release|Any CPU.ActiveCfg = Release|Win32
		{1D2085DE-27BD-4578-AEF1-AA5C52DF0C76}.Release|ARM.ActiveCfg = Release|Win32
		{1D2085DE-27BD-4578-AEF1-AA5C52DF0C76}.Release|ARM64.ActiveCfg = Release|Win32
		{1D2085DE-27BD-4578-AEF1-AA5C52DF0C76}.Release|x64.ActiveCfg = Release|x64
		{1D2085DE-27BD-4578-AEF1-AA5C52DF0C76}.Release|x64.Build.0 = Release|x64
		{1D2085DE-27BD-4578-AEF1-AA5C52DF0C76}.Release|x86.ActiveCfg = Release|Win32
		{1D2085DE-27BD-4578-AEF1-AA5C52DF0C76}.Release|x86.Build.0 = Release|Win32
		{1D2085DE-27BD-4578-AEF1-AA5C52DF0C76}.ReleaseMD|Any CPU.ActiveCfg = ReleaseNoDebugGen|x64
		{1D2085DE-27BD-4578-AEF1-AA5C52DF0C76}.ReleaseMD|Any CPU.Build.0 = ReleaseNoDebugGen|x64
		{1D2085DE-27BD-4578-AEF1-AA5C52DF0C76}.ReleaseMD|ARM.ActiveCfg = Debug|Win32
		{1D2085DE-27BD-4578-AEF1-AA5C52DF0C76}.ReleaseMD|ARM.Build.0 = Debug|Win32
		{1D2085DE-27BD-4578-AEF1-AA5C52DF0C76}.ReleaseMD|ARM64.ActiveCfg = Debug|Win32
		{1D2085DE-27BD-4578-AEF1-AA5C52DF0C76}.ReleaseMD|ARM64.Build.0 = Debug|Win32
		{1D2085DE-27BD-4578-AEF1-AA5C52DF0C76}.ReleaseMD|x64.ActiveCfg = Release|x64
		{1D2085DE-27BD-4578-AEF1-AA5C52DF0C76}.ReleaseMD|x64.Build.0 = Release|x64
		{1D2085DE-27BD-4578-AEF1-AA5C52DF0C76}.ReleaseMD|x86.ActiveCfg = Release|Win32
		{1D2085DE-27BD-4578-AEF1-AA5C52DF0C76}.ReleaseMD|x86.Build.0 = Release|Win32
		{1D2085DE-27BD-4578-AEF1-AA5C52DF0C76}.ReleaseNoDebugGen|Any CPU.ActiveCfg = ReleaseNoDebugGen|Win32
		{1D2085DE-27BD-4578-AEF1-AA5C52DF0C76}.ReleaseNoDebugGen|ARM.ActiveCfg = ReleaseNoDebugGen|Win32
		{1D2085DE-27BD-4578-AEF1-AA5C52DF0C76}.ReleaseNoDebugGen|ARM64.ActiveCfg = ReleaseNoDebugGen|Win32
		{1D2085DE-27BD-4578-AEF1-AA5C52DF0C76}.ReleaseNoDebugGen|x64.ActiveCfg = ReleaseNoDebugGen|x64
		{1D2085DE-27BD-4578-AEF1-AA5C52DF0C76}.ReleaseNoDebugGen|x64.Build.0 = ReleaseNoDebugGen|x64
		{1D2085DE-27BD-4578-AEF1-AA5C52DF0C76}.ReleaseNoDebugGen|x86.ActiveCfg = ReleaseNoDebugGen|Win32
		{1D2085DE-27BD-4578-AEF1-AA5C52DF0C76}.ReleaseNoDebugGen|x86.Build.0 = ReleaseNoDebugGen|Win32
		{EE72FBFC-DB2D-4224-8D1F-27E80BB64E18}.Debug|Any CPU.ActiveCfg = Debug|Win32
		{EE72FBFC-DB2D-4224-8D1F-27E80BB64E18}.Debug|ARM.ActiveCfg = Debug|Win32
		{EE72FBFC-DB2D-4224-8D1F-27E80BB64E18}.Debug|ARM64.ActiveCfg = Debug|Win32
		{EE72FBFC-DB2D-4224-8D1F-27E80BB64E18}.Debug|x64.ActiveCfg = Debug|x64
		{EE72FBFC-DB2D-4224-8D1F-27E80BB64E18}.Debug|x64.Build.0 = Debug|x64
		{EE72FBFC-DB2D-4224-8D1F-27E80BB64E18}.Debug|x86.ActiveCfg = Debug|Win32
		{EE72FBFC-DB2D-4224-8D1F-27E80BB64E18}.Debug|x86.Build.0 = Debug|Win32
		{EE72FBFC-DB2D-4224-8D1F-27E80BB64E18}.DebugMDd|Any CPU.ActiveCfg = ReleaseNoDebugGen|x64
		{EE72FBFC-DB2D-4224-8D1F-27E80BB64E18}.DebugMDd|Any CPU.Build.0 = ReleaseNoDebugGen|x64
		{EE72FBFC-DB2D-4224-8D1F-27E80BB64E18}.DebugMDd|ARM.ActiveCfg = Debug|Win32
		{EE72FBFC-DB2D-4224-8D1F-27E80BB64E18}.DebugMDd|ARM.Build.0 = Debug|Win32
		{EE72FBFC-DB2D-4224-8D1F-27E80BB64E18}.DebugMDd|ARM64.ActiveCfg = Debug|Win32
		{EE72FBFC-DB2D-4224-8D1F-27E80BB64E18}.DebugMDd|ARM64.Build.0 = Debug|Win32
		{EE72FBFC-DB2D-4224-8D1F-27E80BB64E18}.DebugMDd|x64.ActiveCfg = Debug|x64
		{EE72FBFC-DB2D-4224-8D1F-27E80BB64E18}.DebugMDd|x64.Build.0 = Debug|x64
		{EE72FBFC-DB2D-4224-8D1F-27E80BB64E18}.DebugMDd|x86.ActiveCfg = Debug|Win32
		{EE72FBFC-DB2D-4224-8D1F-27E80BB64E18}.DebugMDd|x86.Build.0 = Debug|Win32
		{EE72FBFC-DB2D-4224-8D1F-27E80BB64E18}.Release|Any CPU.ActiveCfg = Release|Win32
		{EE72FBFC-DB2D-4224-8D1F-27E80BB64E18}.Release|ARM.ActiveCfg = Release|Win32
		{EE72FBFC-DB2D-4224-8D1F-27E80BB64E18}.Release|ARM64.ActiveCfg = Release|Win32
		{EE72FBFC-DB2D-4224-8D1F-27E80BB64E18}.Release|x64.ActiveCfg = Release|x64
		{EE72FBFC-DB2D-4224-8D1F-27E80BB64E18}.Release|x64.Build.0 = Release|x64
		{EE72FBFC-DB2D-4224-8D1F-27E80BB64E18}.Release|x86.ActiveCfg = Release|Win32
		{EE72FBFC-DB2D-4224-8D1F-27E80BB64E18}.Release|x86.Build.0 = Release|Win32
		{EE72FBFC-DB2D-4224-8D1F-27E80BB64E18}.ReleaseMD|Any CPU.ActiveCfg = ReleaseNoDebugGen|x64
		{EE72FBFC-DB2D-4224-8D1F-27E80BB64E18}.ReleaseMD|Any CPU.Build.0 = ReleaseNoDebugGen|x64
		{EE72FBFC-DB2D-4224-8D1F-27E80BB64E18}.ReleaseMD|ARM.ActiveCfg = Debug|Win32
		{EE72FBFC-DB2D-4224-8D1F-27E80BB64E18}.ReleaseMD|ARM.Build.0 = Debug|Win32
		{EE72FBFC-DB2D-4224-8D1F-27E80BB64E18}.ReleaseMD|ARM64.ActiveCfg = Debug|Win32
		{EE72FBFC-DB2D-4224-8D1F-27E80BB64E18}.ReleaseMD|ARM64.Build.0 = Debug|Win32
		{EE72FBFC-DB2D-4224-8D1F-27E80BB64E18}.ReleaseMD|x64.ActiveCfg = Release|x64
		{EE72FBFC-DB2D-4224-8D1F-27E80BB64E18}.ReleaseMD|x64.Build.0 = Release|x64
		{EE72FBFC-DB2D-4224-8D1F-27E80BB64E18}.ReleaseMD|x86.ActiveCfg = Release|Win32
		{EE72FBFC-DB2D-4224-8D1F-27E80BB64E18}.ReleaseMD|x86.Build.0 = Release|Win32
		{EE72FBFC-DB2D-4224-8D1F-27E80BB64E18}.ReleaseNoDebugGen|Any CPU.ActiveCfg = ReleaseNoDebugGen|Win32
		{EE72FBFC-DB2D-4224-8D1F-27E80BB64E18}.ReleaseNoDebugGen|ARM.ActiveCfg = ReleaseNoDebugGen|Win32
		{EE72FBFC-DB2D-4224-8D1F-27E80BB64E18}.ReleaseNoDebugGen|ARM64.ActiveCfg = ReleaseNoDebugGen|Win32
		{EE72FBFC-DB2D-4224-8D1F-27E80BB64E18}.ReleaseNoDebugGen|x64.ActiveCfg = ReleaseNoDebugGen|x64
		{EE72FBFC-DB2D-4224-8D1F-27E80BB64E18}.ReleaseNoDebugGen|x64.Build.0 = ReleaseNoDebugGen|x64
		{EE72FBFC-DB2D-4224-8D1F-27E80BB64E18}.ReleaseNoDebugGen|x86.ActiveCfg = ReleaseNoDebugGen|Win32
		{EE72FBFC-DB2D-4224-8D1F-27E80BB64E18}.ReleaseNoDebugGen|x86.Build.0 = ReleaseNoDebugGen|Win32
		{DAFC28A5-056C-4F7E-AD67-373D0A888B1D}.Debug|Any CPU.ActiveCfg = Debug|Any CPU
		{DAFC28A5-056C-4F7E-AD67-373D0A888B1D}.Debug|Any CPU.Build.0 = Debug|Any CPU
		{DAFC28A5-056C-4F7E-AD67-373D0A888B1D}.Debug|ARM.ActiveCfg = Debug|Any CPU
		{DAFC28A5-056C-4F7E-AD67-373D0A888B1D}.Debug|ARM.Build.0 = Debug|Any CPU
		{DAFC28A5-056C-4F7E-AD67-373D0A888B1D}.Debug|ARM64.ActiveCfg = Debug|Any CPU
		{DAFC28A5-056C-4F7E-AD67-373D0A888B1D}.Debug|ARM64.Build.0 = Debug|Any CPU
		{DAFC28A5-056C-4F7E-AD67-373D0A888B1D}.Debug|x64.ActiveCfg = Debug|Any CPU
		{DAFC28A5-056C-4F7E-AD67-373D0A888B1D}.Debug|x64.Build.0 = Debug|Any CPU
		{DAFC28A5-056C-4F7E-AD67-373D0A888B1D}.Debug|x86.ActiveCfg = Debug|Any CPU
		{DAFC28A5-056C-4F7E-AD67-373D0A888B1D}.Debug|x86.Build.0 = Debug|Any CPU
		{DAFC28A5-056C-4F7E-AD67-373D0A888B1D}.DebugMDd|Any CPU.ActiveCfg = Debug|Any CPU
		{DAFC28A5-056C-4F7E-AD67-373D0A888B1D}.DebugMDd|Any CPU.Build.0 = Debug|Any CPU
		{DAFC28A5-056C-4F7E-AD67-373D0A888B1D}.DebugMDd|ARM.ActiveCfg = Debug|Any CPU
		{DAFC28A5-056C-4F7E-AD67-373D0A888B1D}.DebugMDd|ARM.Build.0 = Debug|Any CPU
		{DAFC28A5-056C-4F7E-AD67-373D0A888B1D}.DebugMDd|ARM64.ActiveCfg = Debug|Any CPU
		{DAFC28A5-056C-4F7E-AD67-373D0A888B1D}.DebugMDd|ARM64.Build.0 = Debug|Any CPU
		{DAFC28A5-056C-4F7E-AD67-373D0A888B1D}.DebugMDd|x64.ActiveCfg = Debug|Any CPU
		{DAFC28A5-056C-4F7E-AD67-373D0A888B1D}.DebugMDd|x64.Build.0 = Debug|Any CPU
		{DAFC28A5-056C-4F7E-AD67-373D0A888B1D}.DebugMDd|x86.ActiveCfg = Debug|Any CPU
		{DAFC28A5-056C-4F7E-AD67-373D0A888B1D}.DebugMDd|x86.Build.0 = Debug|Any CPU
		{DAFC28A5-056C-4F7E-AD67-373D0A888B1D}.Release|Any CPU.ActiveCfg = Release|Any CPU
		{DAFC28A5-056C-4F7E-AD67-373D0A888B1D}.Release|Any CPU.Build.0 = Release|Any CPU
		{DAFC28A5-056C-4F7E-AD67-373D0A888B1D}.Release|ARM.ActiveCfg = Release|Any CPU
		{DAFC28A5-056C-4F7E-AD67-373D0A888B1D}.Release|ARM.Build.0 = Release|Any CPU
		{DAFC28A5-056C-4F7E-AD67-373D0A888B1D}.Release|ARM64.ActiveCfg = Release|Any CPU
		{DAFC28A5-056C-4F7E-AD67-373D0A888B1D}.Release|ARM64.Build.0 = Release|Any CPU
		{DAFC28A5-056C-4F7E-AD67-373D0A888B1D}.Release|x64.ActiveCfg = Release|Any CPU
		{DAFC28A5-056C-4F7E-AD67-373D0A888B1D}.Release|x64.Build.0 = Release|Any CPU
		{DAFC28A5-056C-4F7E-AD67-373D0A888B1D}.Release|x86.ActiveCfg = Release|Any CPU
		{DAFC28A5-056C-4F7E-AD67-373D0A888B1D}.Release|x86.Build.0 = Release|Any CPU
		{DAFC28A5-056C-4F7E-AD67-373D0A888B1D}.ReleaseMD|Any CPU.ActiveCfg = Release|Any CPU
		{DAFC28A5-056C-4F7E-AD67-373D0A888B1D}.ReleaseMD|Any CPU.Build.0 = Release|Any CPU
		{DAFC28A5-056C-4F7E-AD67-373D0A888B1D}.ReleaseMD|ARM.ActiveCfg = Release|Any CPU
		{DAFC28A5-056C-4F7E-AD67-373D0A888B1D}.ReleaseMD|ARM.Build.0 = Release|Any CPU
		{DAFC28A5-056C-4F7E-AD67-373D0A888B1D}.ReleaseMD|ARM64.ActiveCfg = Release|Any CPU
		{DAFC28A5-056C-4F7E-AD67-373D0A888B1D}.ReleaseMD|ARM64.Build.0 = Release|Any CPU
		{DAFC28A5-056C-4F7E-AD67-373D0A888B1D}.ReleaseMD|x64.ActiveCfg = Release|Any CPU
		{DAFC28A5-056C-4F7E-AD67-373D0A888B1D}.ReleaseMD|x64.Build.0 = Release|Any CPU
		{DAFC28A5-056C-4F7E-AD67-373D0A888B1D}.ReleaseMD|x86.ActiveCfg = Release|Any CPU
		{DAFC28A5-056C-4F7E-AD67-373D0A888B1D}.ReleaseMD|x86.Build.0 = Release|Any CPU
		{DAFC28A5-056C-4F7E-AD67-373D0A888B1D}.ReleaseNoDebugGen|Any CPU.ActiveCfg = Release|Any CPU
		{DAFC28A5-056C-4F7E-AD67-373D0A888B1D}.ReleaseNoDebugGen|Any CPU.Build.0 = Release|Any CPU
		{DAFC28A5-056C-4F7E-AD67-373D0A888B1D}.ReleaseNoDebugGen|ARM.ActiveCfg = Release|Any CPU
		{DAFC28A5-056C-4F7E-AD67-373D0A888B1D}.ReleaseNoDebugGen|ARM.Build.0 = Release|Any CPU
		{DAFC28A5-056C-4F7E-AD67-373D0A888B1D}.ReleaseNoDebugGen|ARM64.ActiveCfg = Release|Any CPU
		{DAFC28A5-056C-4F7E-AD67-373D0A888B1D}.ReleaseNoDebugGen|ARM64.Build.0 = Release|Any CPU
		{DAFC28A5-056C-4F7E-AD67-373D0A888B1D}.ReleaseNoDebugGen|x64.ActiveCfg = Release|Any CPU
		{DAFC28A5-056C-4F7E-AD67-373D0A888B1D}.ReleaseNoDebugGen|x64.Build.0 = Release|Any CPU
		{DAFC28A5-056C-4F7E-AD67-373D0A888B1D}.ReleaseNoDebugGen|x86.ActiveCfg = Release|Any CPU
		{DAFC28A5-056C-4F7E-AD67-373D0A888B1D}.ReleaseNoDebugGen|x86.Build.0 = Release|Any CPU
		{FDFB23EF-A066-49C0-8881-B98ECB7EC470}.Debug|Any CPU.ActiveCfg = Debug|Any CPU
		{FDFB23EF-A066-49C0-8881-B98ECB7EC470}.Debug|Any CPU.Build.0 = Debug|Any CPU
		{FDFB23EF-A066-49C0-8881-B98ECB7EC470}.Debug|ARM.ActiveCfg = Debug|Any CPU
		{FDFB23EF-A066-49C0-8881-B98ECB7EC470}.Debug|ARM.Build.0 = Debug|Any CPU
		{FDFB23EF-A066-49C0-8881-B98ECB7EC470}.Debug|ARM64.ActiveCfg = Debug|Any CPU
		{FDFB23EF-A066-49C0-8881-B98ECB7EC470}.Debug|ARM64.Build.0 = Debug|Any CPU
		{FDFB23EF-A066-49C0-8881-B98ECB7EC470}.Debug|x64.ActiveCfg = Debug|Any CPU
		{FDFB23EF-A066-49C0-8881-B98ECB7EC470}.Debug|x64.Build.0 = Debug|Any CPU
		{FDFB23EF-A066-49C0-8881-B98ECB7EC470}.Debug|x86.ActiveCfg = Debug|Any CPU
		{FDFB23EF-A066-49C0-8881-B98ECB7EC470}.Debug|x86.Build.0 = Debug|Any CPU
		{FDFB23EF-A066-49C0-8881-B98ECB7EC470}.DebugMDd|Any CPU.ActiveCfg = Debug|Any CPU
		{FDFB23EF-A066-49C0-8881-B98ECB7EC470}.DebugMDd|Any CPU.Build.0 = Debug|Any CPU
		{FDFB23EF-A066-49C0-8881-B98ECB7EC470}.DebugMDd|ARM.ActiveCfg = Debug|Any CPU
		{FDFB23EF-A066-49C0-8881-B98ECB7EC470}.DebugMDd|ARM.Build.0 = Debug|Any CPU
		{FDFB23EF-A066-49C0-8881-B98ECB7EC470}.DebugMDd|ARM64.ActiveCfg = Debug|Any CPU
		{FDFB23EF-A066-49C0-8881-B98ECB7EC470}.DebugMDd|ARM64.Build.0 = Debug|Any CPU
		{FDFB23EF-A066-49C0-8881-B98ECB7EC470}.DebugMDd|x64.ActiveCfg = Debug|Any CPU
		{FDFB23EF-A066-49C0-8881-B98ECB7EC470}.DebugMDd|x64.Build.0 = Debug|Any CPU
		{FDFB23EF-A066-49C0-8881-B98ECB7EC470}.DebugMDd|x86.ActiveCfg = Debug|Any CPU
		{FDFB23EF-A066-49C0-8881-B98ECB7EC470}.DebugMDd|x86.Build.0 = Debug|Any CPU
		{FDFB23EF-A066-49C0-8881-B98ECB7EC470}.Release|Any CPU.ActiveCfg = Release|Any CPU
		{FDFB23EF-A066-49C0-8881-B98ECB7EC470}.Release|Any CPU.Build.0 = Release|Any CPU
		{FDFB23EF-A066-49C0-8881-B98ECB7EC470}.Release|ARM.ActiveCfg = Release|Any CPU
		{FDFB23EF-A066-49C0-8881-B98ECB7EC470}.Release|ARM.Build.0 = Release|Any CPU
		{FDFB23EF-A066-49C0-8881-B98ECB7EC470}.Release|ARM64.ActiveCfg = Release|Any CPU
		{FDFB23EF-A066-49C0-8881-B98ECB7EC470}.Release|ARM64.Build.0 = Release|Any CPU
		{FDFB23EF-A066-49C0-8881-B98ECB7EC470}.Release|x64.ActiveCfg = Release|Any CPU
		{FDFB23EF-A066-49C0-8881-B98ECB7EC470}.Release|x64.Build.0 = Release|Any CPU
		{FDFB23EF-A066-49C0-8881-B98ECB7EC470}.Release|x86.ActiveCfg = Release|Any CPU
		{FDFB23EF-A066-49C0-8881-B98ECB7EC470}.Release|x86.Build.0 = Release|Any CPU
		{FDFB23EF-A066-49C0-8881-B98ECB7EC470}.ReleaseMD|Any CPU.ActiveCfg = Release|Any CPU
		{FDFB23EF-A066-49C0-8881-B98ECB7EC470}.ReleaseMD|Any CPU.Build.0 = Release|Any CPU
		{FDFB23EF-A066-49C0-8881-B98ECB7EC470}.ReleaseMD|ARM.ActiveCfg = Release|Any CPU
		{FDFB23EF-A066-49C0-8881-B98ECB7EC470}.ReleaseMD|ARM.Build.0 = Release|Any CPU
		{FDFB23EF-A066-49C0-8881-B98ECB7EC470}.ReleaseMD|ARM64.ActiveCfg = Release|Any CPU
		{FDFB23EF-A066-49C0-8881-B98ECB7EC470}.ReleaseMD|ARM64.Build.0 = Release|Any CPU
		{FDFB23EF-A066-49C0-8881-B98ECB7EC470}.ReleaseMD|x64.ActiveCfg = Release|Any CPU
		{FDFB23EF-A066-49C0-8881-B98ECB7EC470}.ReleaseMD|x64.Build.0 = Release|Any CPU
		{FDFB23EF-A066-49C0-8881-B98ECB7EC470}.ReleaseMD|x86.ActiveCfg = Release|Any CPU
		{FDFB23EF-A066-49C0-8881-B98ECB7EC470}.ReleaseMD|x86.Build.0 = Release|Any CPU
		{FDFB23EF-A066-49C0-8881-B98ECB7EC470}.ReleaseNoDebugGen|Any CPU.ActiveCfg = Release|Any CPU
		{FDFB23EF-A066-49C0-8881-B98ECB7EC470}.ReleaseNoDebugGen|Any CPU.Build.0 = Release|Any CPU
		{FDFB23EF-A066-49C0-8881-B98ECB7EC470}.ReleaseNoDebugGen|ARM.ActiveCfg = Release|Any CPU
		{FDFB23EF-A066-49C0-8881-B98ECB7EC470}.ReleaseNoDebugGen|ARM.Build.0 = Release|Any CPU
		{FDFB23EF-A066-49C0-8881-B98ECB7EC470}.ReleaseNoDebugGen|ARM64.ActiveCfg = Release|Any CPU
		{FDFB23EF-A066-49C0-8881-B98ECB7EC470}.ReleaseNoDebugGen|ARM64.Build.0 = Release|Any CPU
		{FDFB23EF-A066-49C0-8881-B98ECB7EC470}.ReleaseNoDebugGen|x64.ActiveCfg = Release|Any CPU
		{FDFB23EF-A066-49C0-8881-B98ECB7EC470}.ReleaseNoDebugGen|x64.Build.0 = Release|Any CPU
		{FDFB23EF-A066-49C0-8881-B98ECB7EC470}.ReleaseNoDebugGen|x86.ActiveCfg = Release|Any CPU
		{FDFB23EF-A066-49C0-8881-B98ECB7EC470}.ReleaseNoDebugGen|x86.Build.0 = Release|Any CPU
		{1FEBBD0F-4754-4E3E-B80A-32C514D58B2F}.Debug|Any CPU.ActiveCfg = Debug|Win32
		{1FEBBD0F-4754-4E3E-B80A-32C514D58B2F}.Debug|ARM.ActiveCfg = Debug|Win32
		{1FEBBD0F-4754-4E3E-B80A-32C514D58B2F}.Debug|ARM64.ActiveCfg = Debug|Win32
		{1FEBBD0F-4754-4E3E-B80A-32C514D58B2F}.Debug|x64.ActiveCfg = Debug|x64
		{1FEBBD0F-4754-4E3E-B80A-32C514D58B2F}.Debug|x64.Build.0 = Debug|x64
		{1FEBBD0F-4754-4E3E-B80A-32C514D58B2F}.Debug|x86.ActiveCfg = Debug|Win32
		{1FEBBD0F-4754-4E3E-B80A-32C514D58B2F}.Debug|x86.Build.0 = Debug|Win32
		{1FEBBD0F-4754-4E3E-B80A-32C514D58B2F}.DebugMDd|Any CPU.ActiveCfg = Debug|Win32
		{1FEBBD0F-4754-4E3E-B80A-32C514D58B2F}.DebugMDd|Any CPU.Build.0 = Debug|Win32
		{1FEBBD0F-4754-4E3E-B80A-32C514D58B2F}.DebugMDd|ARM.ActiveCfg = Debug|Win32
		{1FEBBD0F-4754-4E3E-B80A-32C514D58B2F}.DebugMDd|ARM.Build.0 = Debug|Win32
		{1FEBBD0F-4754-4E3E-B80A-32C514D58B2F}.DebugMDd|ARM64.ActiveCfg = Debug|Win32
		{1FEBBD0F-4754-4E3E-B80A-32C514D58B2F}.DebugMDd|ARM64.Build.0 = Debug|Win32
		{1FEBBD0F-4754-4E3E-B80A-32C514D58B2F}.DebugMDd|x64.ActiveCfg = Debug|x64
		{1FEBBD0F-4754-4E3E-B80A-32C514D58B2F}.DebugMDd|x64.Build.0 = Debug|x64
		{1FEBBD0F-4754-4E3E-B80A-32C514D58B2F}.DebugMDd|x86.ActiveCfg = Debug|Win32
		{1FEBBD0F-4754-4E3E-B80A-32C514D58B2F}.DebugMDd|x86.Build.0 = Debug|Win32
		{1FEBBD0F-4754-4E3E-B80A-32C514D58B2F}.Release|Any CPU.ActiveCfg = Release|Win32
		{1FEBBD0F-4754-4E3E-B80A-32C514D58B2F}.Release|ARM.ActiveCfg = Release|Win32
		{1FEBBD0F-4754-4E3E-B80A-32C514D58B2F}.Release|ARM64.ActiveCfg = Release|Win32
		{1FEBBD0F-4754-4E3E-B80A-32C514D58B2F}.Release|x64.ActiveCfg = Release|x64
		{1FEBBD0F-4754-4E3E-B80A-32C514D58B2F}.Release|x64.Build.0 = Release|x64
		{1FEBBD0F-4754-4E3E-B80A-32C514D58B2F}.Release|x86.ActiveCfg = Release|Win32
		{1FEBBD0F-4754-4E3E-B80A-32C514D58B2F}.Release|x86.Build.0 = Release|Win32
		{1FEBBD0F-4754-4E3E-B80A-32C514D58B2F}.ReleaseMD|Any CPU.ActiveCfg = Debug|Win32
		{1FEBBD0F-4754-4E3E-B80A-32C514D58B2F}.ReleaseMD|Any CPU.Build.0 = Debug|Win32
		{1FEBBD0F-4754-4E3E-B80A-32C514D58B2F}.ReleaseMD|ARM.ActiveCfg = Debug|Win32
		{1FEBBD0F-4754-4E3E-B80A-32C514D58B2F}.ReleaseMD|ARM.Build.0 = Debug|Win32
		{1FEBBD0F-4754-4E3E-B80A-32C514D58B2F}.ReleaseMD|ARM64.ActiveCfg = Debug|Win32
		{1FEBBD0F-4754-4E3E-B80A-32C514D58B2F}.ReleaseMD|ARM64.Build.0 = Debug|Win32
		{1FEBBD0F-4754-4E3E-B80A-32C514D58B2F}.ReleaseMD|x64.ActiveCfg = Release|x64
		{1FEBBD0F-4754-4E3E-B80A-32C514D58B2F}.ReleaseMD|x64.Build.0 = Release|x64
		{1FEBBD0F-4754-4E3E-B80A-32C514D58B2F}.ReleaseMD|x86.ActiveCfg = Release|Win32
		{1FEBBD0F-4754-4E3E-B80A-32C514D58B2F}.ReleaseMD|x86.Build.0 = Release|Win32
		{1FEBBD0F-4754-4E3E-B80A-32C514D58B2F}.ReleaseNoDebugGen|Any CPU.ActiveCfg = Debug|Win32
		{1FEBBD0F-4754-4E3E-B80A-32C514D58B2F}.ReleaseNoDebugGen|Any CPU.Build.0 = Debug|Win32
		{1FEBBD0F-4754-4E3E-B80A-32C514D58B2F}.ReleaseNoDebugGen|ARM.ActiveCfg = Debug|Win32
		{1FEBBD0F-4754-4E3E-B80A-32C514D58B2F}.ReleaseNoDebugGen|ARM.Build.0 = Debug|Win32
		{1FEBBD0F-4754-4E3E-B80A-32C514D58B2F}.ReleaseNoDebugGen|ARM64.ActiveCfg = Debug|Win32
		{1FEBBD0F-4754-4E3E-B80A-32C514D58B2F}.ReleaseNoDebugGen|ARM64.Build.0 = Debug|Win32
		{1FEBBD0F-4754-4E3E-B80A-32C514D58B2F}.ReleaseNoDebugGen|x64.ActiveCfg = Release|x64
		{1FEBBD0F-4754-4E3E-B80A-32C514D58B2F}.ReleaseNoDebugGen|x64.Build.0 = Release|x64
		{1FEBBD0F-4754-4E3E-B80A-32C514D58B2F}.ReleaseNoDebugGen|x86.ActiveCfg = Release|Win32
		{1FEBBD0F-4754-4E3E-B80A-32C514D58B2F}.ReleaseNoDebugGen|x86.Build.0 = Release|Win32
		{BC3F975B-4CA5-4DEF-B62C-1DC9F29DC7C3}.Debug|Any CPU.ActiveCfg = Debug|Win32
		{BC3F975B-4CA5-4DEF-B62C-1DC9F29DC7C3}.Debug|ARM.ActiveCfg = Debug|Win32
		{BC3F975B-4CA5-4DEF-B62C-1DC9F29DC7C3}.Debug|ARM64.ActiveCfg = Debug|Win32
		{BC3F975B-4CA5-4DEF-B62C-1DC9F29DC7C3}.Debug|x64.ActiveCfg = Debug|x64
		{BC3F975B-4CA5-4DEF-B62C-1DC9F29DC7C3}.Debug|x64.Build.0 = Debug|x64
		{BC3F975B-4CA5-4DEF-B62C-1DC9F29DC7C3}.Debug|x86.ActiveCfg = Debug|Win32
		{BC3F975B-4CA5-4DEF-B62C-1DC9F29DC7C3}.Debug|x86.Build.0 = Debug|Win32
		{BC3F975B-4CA5-4DEF-B62C-1DC9F29DC7C3}.DebugMDd|Any CPU.ActiveCfg = Debug|Win32
		{BC3F975B-4CA5-4DEF-B62C-1DC9F29DC7C3}.DebugMDd|Any CPU.Build.0 = Debug|Win32
		{BC3F975B-4CA5-4DEF-B62C-1DC9F29DC7C3}.DebugMDd|ARM.ActiveCfg = Debug|Win32
		{BC3F975B-4CA5-4DEF-B62C-1DC9F29DC7C3}.DebugMDd|ARM.Build.0 = Debug|Win32
		{BC3F975B-4CA5-4DEF-B62C-1DC9F29DC7C3}.DebugMDd|ARM64.ActiveCfg = Debug|Win32
		{BC3F975B-4CA5-4DEF-B62C-1DC9F29DC7C3}.DebugMDd|ARM64.Build.0 = Debug|Win32
		{BC3F975B-4CA5-4DEF-B62C-1DC9F29DC7C3}.DebugMDd|x64.ActiveCfg = Debug|x64
		{BC3F975B-4CA5-4DEF-B62C-1DC9F29DC7C3}.DebugMDd|x64.Build.0 = Debug|x64
		{BC3F975B-4CA5-4DEF-B62C-1DC9F29DC7C3}.DebugMDd|x86.ActiveCfg = Debug|Win32
		{BC3F975B-4CA5-4DEF-B62C-1DC9F29DC7C3}.DebugMDd|x86.Build.0 = Debug|Win32
		{BC3F975B-4CA5-4DEF-B62C-1DC9F29DC7C3}.Release|Any CPU.ActiveCfg = Release|Win32
		{BC3F975B-4CA5-4DEF-B62C-1DC9F29DC7C3}.Release|ARM.ActiveCfg = Release|Win32
		{BC3F975B-4CA5-4DEF-B62C-1DC9F29DC7C3}.Release|ARM64.ActiveCfg = Release|Win32
		{BC3F975B-4CA5-4DEF-B62C-1DC9F29DC7C3}.Release|x64.ActiveCfg = Release|x64
		{BC3F975B-4CA5-4DEF-B62C-1DC9F29DC7C3}.Release|x64.Build.0 = Release|x64
		{BC3F975B-4CA5-4DEF-B62C-1DC9F29DC7C3}.Release|x86.ActiveCfg = Release|Win32
		{BC3F975B-4CA5-4DEF-B62C-1DC9F29DC7C3}.Release|x86.Build.0 = Release|Win32
		{BC3F975B-4CA5-4DEF-B62C-1DC9F29DC7C3}.ReleaseMD|Any CPU.ActiveCfg = Debug|Win32
		{BC3F975B-4CA5-4DEF-B62C-1DC9F29DC7C3}.ReleaseMD|Any CPU.Build.0 = Debug|Win32
		{BC3F975B-4CA5-4DEF-B62C-1DC9F29DC7C3}.ReleaseMD|ARM.ActiveCfg = Debug|Win32
		{BC3F975B-4CA5-4DEF-B62C-1DC9F29DC7C3}.ReleaseMD|ARM.Build.0 = Debug|Win32
		{BC3F975B-4CA5-4DEF-B62C-1DC9F29DC7C3}.ReleaseMD|ARM64.ActiveCfg = Debug|Win32
		{BC3F975B-4CA5-4DEF-B62C-1DC9F29DC7C3}.ReleaseMD|ARM64.Build.0 = Debug|Win32
		{BC3F975B-4CA5-4DEF-B62C-1DC9F29DC7C3}.ReleaseMD|x64.ActiveCfg = Release|x64
		{BC3F975B-4CA5-4DEF-B62C-1DC9F29DC7C3}.ReleaseMD|x64.Build.0 = Release|x64
		{BC3F975B-4CA5-4DEF-B62C-1DC9F29DC7C3}.ReleaseMD|x86.ActiveCfg = Release|Win32
		{BC3F975B-4CA5-4DEF-B62C-1DC9F29DC7C3}.ReleaseMD|x86.Build.0 = Release|Win32
		{BC3F975B-4CA5-4DEF-B62C-1DC9F29DC7C3}.ReleaseNoDebugGen|Any CPU.ActiveCfg = Debug|Win32
		{BC3F975B-4CA5-4DEF-B62C-1DC9F29DC7C3}.ReleaseNoDebugGen|Any CPU.Build.0 = Debug|Win32
		{BC3F975B-4CA5-4DEF-B62C-1DC9F29DC7C3}.ReleaseNoDebugGen|ARM.ActiveCfg = Debug|Win32
		{BC3F975B-4CA5-4DEF-B62C-1DC9F29DC7C3}.ReleaseNoDebugGen|ARM.Build.0 = Debug|Win32
		{BC3F975B-4CA5-4DEF-B62C-1DC9F29DC7C3}.ReleaseNoDebugGen|ARM64.ActiveCfg = Debug|Win32
		{BC3F975B-4CA5-4DEF-B62C-1DC9F29DC7C3}.ReleaseNoDebugGen|ARM64.Build.0 = Debug|Win32
		{BC3F975B-4CA5-4DEF-B62C-1DC9F29DC7C3}.ReleaseNoDebugGen|x64.ActiveCfg = Release|x64
		{BC3F975B-4CA5-4DEF-B62C-1DC9F29DC7C3}.ReleaseNoDebugGen|x64.Build.0 = Release|x64
		{BC3F975B-4CA5-4DEF-B62C-1DC9F29DC7C3}.ReleaseNoDebugGen|x86.ActiveCfg = Release|Win32
		{BC3F975B-4CA5-4DEF-B62C-1DC9F29DC7C3}.ReleaseNoDebugGen|x86.Build.0 = Release|Win32
		{7F4EC0C8-4900-496E-83E9-13BD9422616C}.Debug|Any CPU.ActiveCfg = Debug|Win32
		{7F4EC0C8-4900-496E-83E9-13BD9422616C}.Debug|ARM.ActiveCfg = Debug|Win32
		{7F4EC0C8-4900-496E-83E9-13BD9422616C}.Debug|ARM64.ActiveCfg = Debug|Win32
		{7F4EC0C8-4900-496E-83E9-13BD9422616C}.Debug|x64.ActiveCfg = Debug|x64
		{7F4EC0C8-4900-496E-83E9-13BD9422616C}.Debug|x64.Build.0 = Debug|x64
		{7F4EC0C8-4900-496E-83E9-13BD9422616C}.Debug|x86.ActiveCfg = Debug|Win32
		{7F4EC0C8-4900-496E-83E9-13BD9422616C}.Debug|x86.Build.0 = Debug|Win32
		{7F4EC0C8-4900-496E-83E9-13BD9422616C}.DebugMDd|Any CPU.ActiveCfg = Debug|Win32
		{7F4EC0C8-4900-496E-83E9-13BD9422616C}.DebugMDd|Any CPU.Build.0 = Debug|Win32
		{7F4EC0C8-4900-496E-83E9-13BD9422616C}.DebugMDd|ARM.ActiveCfg = Debug|Win32
		{7F4EC0C8-4900-496E-83E9-13BD9422616C}.DebugMDd|ARM.Build.0 = Debug|Win32
		{7F4EC0C8-4900-496E-83E9-13BD9422616C}.DebugMDd|ARM64.ActiveCfg = Debug|Win32
		{7F4EC0C8-4900-496E-83E9-13BD9422616C}.DebugMDd|ARM64.Build.0 = Debug|Win32
		{7F4EC0C8-4900-496E-83E9-13BD9422616C}.DebugMDd|x64.ActiveCfg = Debug|x64
		{7F4EC0C8-4900-496E-83E9-13BD9422616C}.DebugMDd|x64.Build.0 = Debug|x64
		{7F4EC0C8-4900-496E-83E9-13BD9422616C}.DebugMDd|x86.ActiveCfg = Debug|Win32
		{7F4EC0C8-4900-496E-83E9-13BD9422616C}.DebugMDd|x86.Build.0 = Debug|Win32
		{7F4EC0C8-4900-496E-83E9-13BD9422616C}.Release|Any CPU.ActiveCfg = Release|Win32
		{7F4EC0C8-4900-496E-83E9-13BD9422616C}.Release|ARM.ActiveCfg = Release|Win32
		{7F4EC0C8-4900-496E-83E9-13BD9422616C}.Release|ARM64.ActiveCfg = Release|Win32
		{7F4EC0C8-4900-496E-83E9-13BD9422616C}.Release|x64.ActiveCfg = Release|x64
		{7F4EC0C8-4900-496E-83E9-13BD9422616C}.Release|x64.Build.0 = Release|x64
		{7F4EC0C8-4900-496E-83E9-13BD9422616C}.Release|x86.ActiveCfg = Release|Win32
		{7F4EC0C8-4900-496E-83E9-13BD9422616C}.Release|x86.Build.0 = Release|Win32
		{7F4EC0C8-4900-496E-83E9-13BD9422616C}.ReleaseMD|Any CPU.ActiveCfg = Debug|Win32
		{7F4EC0C8-4900-496E-83E9-13BD9422616C}.ReleaseMD|Any CPU.Build.0 = Debug|Win32
		{7F4EC0C8-4900-496E-83E9-13BD9422616C}.ReleaseMD|ARM.ActiveCfg = Debug|Win32
		{7F4EC0C8-4900-496E-83E9-13BD9422616C}.ReleaseMD|ARM.Build.0 = Debug|Win32
		{7F4EC0C8-4900-496E-83E9-13BD9422616C}.ReleaseMD|ARM64.ActiveCfg = Debug|Win32
		{7F4EC0C8-4900-496E-83E9-13BD9422616C}.ReleaseMD|ARM64.Build.0 = Debug|Win32
		{7F4EC0C8-4900-496E-83E9-13BD9422616C}.ReleaseMD|x64.ActiveCfg = Release|x64
		{7F4EC0C8-4900-496E-83E9-13BD9422616C}.ReleaseMD|x64.Build.0 = Release|x64
		{7F4EC0C8-4900-496E-83E9-13BD9422616C}.ReleaseMD|x86.ActiveCfg = Release|Win32
		{7F4EC0C8-4900-496E-83E9-13BD9422616C}.ReleaseMD|x86.Build.0 = Release|Win32
		{7F4EC0C8-4900-496E-83E9-13BD9422616C}.ReleaseNoDebugGen|Any CPU.ActiveCfg = Debug|Win32
		{7F4EC0C8-4900-496E-83E9-13BD9422616C}.ReleaseNoDebugGen|Any CPU.Build.0 = Debug|Win32
		{7F4EC0C8-4900-496E-83E9-13BD9422616C}.ReleaseNoDebugGen|ARM.ActiveCfg = Debug|Win32
		{7F4EC0C8-4900-496E-83E9-13BD9422616C}.ReleaseNoDebugGen|ARM.Build.0 = Debug|Win32
		{7F4EC0C8-4900-496E-83E9-13BD9422616C}.ReleaseNoDebugGen|ARM64.ActiveCfg = Debug|Win32
		{7F4EC0C8-4900-496E-83E9-13BD9422616C}.ReleaseNoDebugGen|ARM64.Build.0 = Debug|Win32
		{7F4EC0C8-4900-496E-83E9-13BD9422616C}.ReleaseNoDebugGen|x64.ActiveCfg = Release|x64
		{7F4EC0C8-4900-496E-83E9-13BD9422616C}.ReleaseNoDebugGen|x64.Build.0 = Release|x64
		{7F4EC0C8-4900-496E-83E9-13BD9422616C}.ReleaseNoDebugGen|x86.ActiveCfg = Release|Win32
		{7F4EC0C8-4900-496E-83E9-13BD9422616C}.ReleaseNoDebugGen|x86.Build.0 = Release|Win32
		{EE7C2C87-9998-4CF5-AC22-1EFE25258482}.Debug|Any CPU.ActiveCfg = Debug|Win32
		{EE7C2C87-9998-4CF5-AC22-1EFE25258482}.Debug|ARM.ActiveCfg = Debug|Win32
		{EE7C2C87-9998-4CF5-AC22-1EFE25258482}.Debug|ARM64.ActiveCfg = Debug|Win32
		{EE7C2C87-9998-4CF5-AC22-1EFE25258482}.Debug|x64.ActiveCfg = Debug|x64
		{EE7C2C87-9998-4CF5-AC22-1EFE25258482}.Debug|x64.Build.0 = Debug|x64
		{EE7C2C87-9998-4CF5-AC22-1EFE25258482}.Debug|x86.ActiveCfg = Debug|Win32
		{EE7C2C87-9998-4CF5-AC22-1EFE25258482}.Debug|x86.Build.0 = Debug|Win32
		{EE7C2C87-9998-4CF5-AC22-1EFE25258482}.DebugMDd|Any CPU.ActiveCfg = Debug|Win32
		{EE7C2C87-9998-4CF5-AC22-1EFE25258482}.DebugMDd|Any CPU.Build.0 = Debug|Win32
		{EE7C2C87-9998-4CF5-AC22-1EFE25258482}.DebugMDd|ARM.ActiveCfg = Debug|Win32
		{EE7C2C87-9998-4CF5-AC22-1EFE25258482}.DebugMDd|ARM.Build.0 = Debug|Win32
		{EE7C2C87-9998-4CF5-AC22-1EFE25258482}.DebugMDd|ARM64.ActiveCfg = Debug|Win32
		{EE7C2C87-9998-4CF5-AC22-1EFE25258482}.DebugMDd|ARM64.Build.0 = Debug|Win32
		{EE7C2C87-9998-4CF5-AC22-1EFE25258482}.DebugMDd|x64.ActiveCfg = Debug|x64
		{EE7C2C87-9998-4CF5-AC22-1EFE25258482}.DebugMDd|x64.Build.0 = Debug|x64
		{EE7C2C87-9998-4CF5-AC22-1EFE25258482}.DebugMDd|x86.ActiveCfg = Debug|Win32
		{EE7C2C87-9998-4CF5-AC22-1EFE25258482}.DebugMDd|x86.Build.0 = Debug|Win32
		{EE7C2C87-9998-4CF5-AC22-1EFE25258482}.Release|Any CPU.ActiveCfg = Release|Win32
		{EE7C2C87-9998-4CF5-AC22-1EFE25258482}.Release|ARM.ActiveCfg = Release|Win32
		{EE7C2C87-9998-4CF5-AC22-1EFE25258482}.Release|ARM64.ActiveCfg = Release|Win32
		{EE7C2C87-9998-4CF5-AC22-1EFE25258482}.Release|x64.ActiveCfg = Release|x64
		{EE7C2C87-9998-4CF5-AC22-1EFE25258482}.Release|x64.Build.0 = Release|x64
		{EE7C2C87-9998-4CF5-AC22-1EFE25258482}.Release|x86.ActiveCfg = Release|Win32
		{EE7C2C87-9998-4CF5-AC22-1EFE25258482}.Release|x86.Build.0 = Release|Win32
		{EE7C2C87-9998-4CF5-AC22-1EFE25258482}.ReleaseMD|Any CPU.ActiveCfg = Debug|Win32
		{EE7C2C87-9998-4CF5-AC22-1EFE25258482}.ReleaseMD|Any CPU.Build.0 = Debug|Win32
		{EE7C2C87-9998-4CF5-AC22-1EFE25258482}.ReleaseMD|ARM.ActiveCfg = Debug|Win32
		{EE7C2C87-9998-4CF5-AC22-1EFE25258482}.ReleaseMD|ARM.Build.0 = Debug|Win32
		{EE7C2C87-9998-4CF5-AC22-1EFE25258482}.ReleaseMD|ARM64.ActiveCfg = Debug|Win32
		{EE7C2C87-9998-4CF5-AC22-1EFE25258482}.ReleaseMD|ARM64.Build.0 = Debug|Win32
		{EE7C2C87-9998-4CF5-AC22-1EFE25258482}.ReleaseMD|x64.ActiveCfg = Release|x64
		{EE7C2C87-9998-4CF5-AC22-1EFE25258482}.ReleaseMD|x64.Build.0 = Release|x64
		{EE7C2C87-9998-4CF5-AC22-1EFE25258482}.ReleaseMD|x86.ActiveCfg = Release|Win32
		{EE7C2C87-9998-4CF5-AC22-1EFE25258482}.ReleaseMD|x86.Build.0 = Release|Win32
		{EE7C2C87-9998-4CF5-AC22-1EFE25258482}.ReleaseNoDebugGen|Any CPU.ActiveCfg = Debug|Win32
		{EE7C2C87-9998-4CF5-AC22-1EFE25258482}.ReleaseNoDebugGen|Any CPU.Build.0 = Debug|Win32
		{EE7C2C87-9998-4CF5-AC22-1EFE25258482}.ReleaseNoDebugGen|ARM.ActiveCfg = Debug|Win32
		{EE7C2C87-9998-4CF5-AC22-1EFE25258482}.ReleaseNoDebugGen|ARM.Build.0 = Debug|Win32
		{EE7C2C87-9998-4CF5-AC22-1EFE25258482}.ReleaseNoDebugGen|ARM64.ActiveCfg = Debug|Win32
		{EE7C2C87-9998-4CF5-AC22-1EFE25258482}.ReleaseNoDebugGen|ARM64.Build.0 = Debug|Win32
		{EE7C2C87-9998-4CF5-AC22-1EFE25258482}.ReleaseNoDebugGen|x64.ActiveCfg = Release|x64
		{EE7C2C87-9998-4CF5-AC22-1EFE25258482}.ReleaseNoDebugGen|x64.Build.0 = Release|x64
		{EE7C2C87-9998-4CF5-AC22-1EFE25258482}.ReleaseNoDebugGen|x86.ActiveCfg = Release|Win32
		{EE7C2C87-9998-4CF5-AC22-1EFE25258482}.ReleaseNoDebugGen|x86.Build.0 = Release|Win32
		{2BA69F61-7F66-4C88-BD86-8E78D08B751B}.Debug|Any CPU.ActiveCfg = Debug|Win32
		{2BA69F61-7F66-4C88-BD86-8E78D08B751B}.Debug|ARM.ActiveCfg = Debug|Win32
		{2BA69F61-7F66-4C88-BD86-8E78D08B751B}.Debug|ARM64.ActiveCfg = Debug|Win32
		{2BA69F61-7F66-4C88-BD86-8E78D08B751B}.Debug|x64.ActiveCfg = Debug|x64
		{2BA69F61-7F66-4C88-BD86-8E78D08B751B}.Debug|x64.Build.0 = Debug|x64
		{2BA69F61-7F66-4C88-BD86-8E78D08B751B}.Debug|x86.ActiveCfg = Debug|Win32
		{2BA69F61-7F66-4C88-BD86-8E78D08B751B}.Debug|x86.Build.0 = Debug|Win32
		{2BA69F61-7F66-4C88-BD86-8E78D08B751B}.DebugMDd|Any CPU.ActiveCfg = Debug|Win32
		{2BA69F61-7F66-4C88-BD86-8E78D08B751B}.DebugMDd|Any CPU.Build.0 = Debug|Win32
		{2BA69F61-7F66-4C88-BD86-8E78D08B751B}.DebugMDd|ARM.ActiveCfg = Debug|Win32
		{2BA69F61-7F66-4C88-BD86-8E78D08B751B}.DebugMDd|ARM.Build.0 = Debug|Win32
		{2BA69F61-7F66-4C88-BD86-8E78D08B751B}.DebugMDd|ARM64.ActiveCfg = Debug|Win32
		{2BA69F61-7F66-4C88-BD86-8E78D08B751B}.DebugMDd|ARM64.Build.0 = Debug|Win32
		{2BA69F61-7F66-4C88-BD86-8E78D08B751B}.DebugMDd|x64.ActiveCfg = Debug|x64
		{2BA69F61-7F66-4C88-BD86-8E78D08B751B}.DebugMDd|x64.Build.0 = Debug|x64
		{2BA69F61-7F66-4C88-BD86-8E78D08B751B}.DebugMDd|x86.ActiveCfg = Debug|Win32
		{2BA69F61-7F66-4C88-BD86-8E78D08B751B}.DebugMDd|x86.Build.0 = Debug|Win32
		{2BA69F61-7F66-4C88-BD86-8E78D08B751B}.Release|Any CPU.ActiveCfg = Release|Win32
		{2BA69F61-7F66-4C88-BD86-8E78D08B751B}.Release|ARM.ActiveCfg = Release|Win32
		{2BA69F61-7F66-4C88-BD86-8E78D08B751B}.Release|ARM64.ActiveCfg = Release|Win32
		{2BA69F61-7F66-4C88-BD86-8E78D08B751B}.Release|x64.ActiveCfg = Release|x64
		{2BA69F61-7F66-4C88-BD86-8E78D08B751B}.Release|x64.Build.0 = Release|x64
		{2BA69F61-7F66-4C88-BD86-8E78D08B751B}.Release|x86.ActiveCfg = Release|Win32
		{2BA69F61-7F66-4C88-BD86-8E78D08B751B}.Release|x86.Build.0 = Release|Win32
		{2BA69F61-7F66-4C88-BD86-8E78D08B751B}.ReleaseMD|Any CPU.ActiveCfg = Debug|Win32
		{2BA69F61-7F66-4C88-BD86-8E78D08B751B}.ReleaseMD|Any CPU.Build.0 = Debug|Win32
		{2BA69F61-7F66-4C88-BD86-8E78D08B751B}.ReleaseMD|ARM.ActiveCfg = Debug|Win32
		{2BA69F61-7F66-4C88-BD86-8E78D08B751B}.ReleaseMD|ARM.Build.0 = Debug|Win32
		{2BA69F61-7F66-4C88-BD86-8E78D08B751B}.ReleaseMD|ARM64.ActiveCfg = Debug|Win32
		{2BA69F61-7F66-4C88-BD86-8E78D08B751B}.ReleaseMD|ARM64.Build.0 = Debug|Win32
		{2BA69F61-7F66-4C88-BD86-8E78D08B751B}.ReleaseMD|x64.ActiveCfg = Release|x64
		{2BA69F61-7F66-4C88-BD86-8E78D08B751B}.ReleaseMD|x64.Build.0 = Release|x64
		{2BA69F61-7F66-4C88-BD86-8E78D08B751B}.ReleaseMD|x86.ActiveCfg = Release|Win32
		{2BA69F61-7F66-4C88-BD86-8E78D08B751B}.ReleaseMD|x86.Build.0 = Release|Win32
		{2BA69F61-7F66-4C88-BD86-8E78D08B751B}.ReleaseNoDebugGen|Any CPU.ActiveCfg = Debug|Win32
		{2BA69F61-7F66-4C88-BD86-8E78D08B751B}.ReleaseNoDebugGen|Any CPU.Build.0 = Debug|Win32
		{2BA69F61-7F66-4C88-BD86-8E78D08B751B}.ReleaseNoDebugGen|ARM.ActiveCfg = Debug|Win32
		{2BA69F61-7F66-4C88-BD86-8E78D08B751B}.ReleaseNoDebugGen|ARM.Build.0 = Debug|Win32
		{2BA69F61-7F66-4C88-BD86-8E78D08B751B}.ReleaseNoDebugGen|ARM64.ActiveCfg = Debug|Win32
		{2BA69F61-7F66-4C88-BD86-8E78D08B751B}.ReleaseNoDebugGen|ARM64.Build.0 = Debug|Win32
		{2BA69F61-7F66-4C88-BD86-8E78D08B751B}.ReleaseNoDebugGen|x64.ActiveCfg = Release|x64
		{2BA69F61-7F66-4C88-BD86-8E78D08B751B}.ReleaseNoDebugGen|x64.Build.0 = Release|x64
		{2BA69F61-7F66-4C88-BD86-8E78D08B751B}.ReleaseNoDebugGen|x86.ActiveCfg = Release|Win32
		{2BA69F61-7F66-4C88-BD86-8E78D08B751B}.ReleaseNoDebugGen|x86.Build.0 = Release|Win32
	EndGlobalSection
	GlobalSection(SolutionProperties) = preSolution
		HideSolutionNode = FALSE
	EndGlobalSection
	GlobalSection(NestedProjects) = preSolution
		{37489709-8054-4903-9C49-A79846049FC9} = {9329C455-49A7-45AA-A251-6D3110814349}
		{D108851A-A924-4047-AF33-B0746C077440} = {D86C9961-2255-4F8B-8977-A9F256111047}
		{1D2085DE-27BD-4578-AEF1-AA5C52DF0C76} = {D108851A-A924-4047-AF33-B0746C077440}
		{ACF7442C-24A1-4D99-9115-A0F8018098CB} = {9329C455-49A7-45AA-A251-6D3110814349}
		{EE72FBFC-DB2D-4224-8D1F-27E80BB64E18} = {9329C455-49A7-45AA-A251-6D3110814349}
		{DAFC28A5-056C-4F7E-AD67-373D0A888B1D} = {08598AE4-A53E-4FE0-BC88-356B318F3BB0}
		{FDFB23EF-A066-49C0-8881-B98ECB7EC470} = {08598AE4-A53E-4FE0-BC88-356B318F3BB0}
		{1FEBBD0F-4754-4E3E-B80A-32C514D58B2F} = {D108851A-A924-4047-AF33-B0746C077440}
		{B2EC8477-99E2-44D4-AEEA-AAE1E3916C63} = {D86C9961-2255-4F8B-8977-A9F256111047}
		{BC3F975B-4CA5-4DEF-B62C-1DC9F29DC7C3} = {B2EC8477-99E2-44D4-AEEA-AAE1E3916C63}
		{53C03628-5518-4BF1-BA21-1B9E0615A9A4} = {ACF7442C-24A1-4D99-9115-A0F8018098CB}
		{7F4EC0C8-4900-496E-83E9-13BD9422616C} = {53C03628-5518-4BF1-BA21-1B9E0615A9A4}
		{EE7C2C87-9998-4CF5-AC22-1EFE25258482} = {53C03628-5518-4BF1-BA21-1B9E0615A9A4}
		{2BA69F61-7F66-4C88-BD86-8E78D08B751B} = {53C03628-5518-4BF1-BA21-1B9E0615A9A4}
	EndGlobalSection
	GlobalSection(ExtensibilityGlobals) = postSolution
		SolutionGuid = {B6CF70ED-92F3-4E3A-98F2-701A62654ADB}
	EndGlobalSection
EndGlobal
