
Microsoft Visual Studio Solution File, Format Version 12.00
# Visual Studio Version 16
VisualStudioVersion = 16.0.31112.23
MinimumVisualStudioVersion = 10.0.40219.1
Project("{2150E333-8FDC-42A3-9474-1A3956D46DE8}") = "Solution Items", "Solution Items", "{96470886-31E8-4FBB-87EE-1912416A5358}"
	ProjectSection(SolutionItems) = preProject
		GettingStarted.txt = GettingStarted.txt
		ImplementationDetails.txt = ImplementationDetails.txt
		NotesTODO.txt = NotesTODO.txt
		ProjectNameConsiderations.txt = ProjectNameConsiderations.txt
		Readme.md = Readme.md
	EndProjectSection
EndProject
Project("{2150E333-8FDC-42A3-9474-1A3956D46DE8}") = "ExamplesSamples", "ExamplesSamples", "{D108851A-A924-4047-AF33-B0746C077440}"
EndProject
Project("{2150E333-8FDC-42A3-9474-1A3956D46DE8}") = "DllHelpers", "DllHelpers", "{ACF7442C-24A1-4D99-9115-A0F8018098CB}"
EndProject
Project("{2150E333-8FDC-42A3-9474-1A3956D46DE8}") = "FrontEnds", "FrontEnds", "{08598AE4-A53E-4FE0-BC88-356B318F3BB0}"
EndProject
Project("{2150E333-8FDC-42A3-9474-1A3956D46DE8}") = "Tests", "Tests", "{B2EC8477-99E2-44D4-AEEA-AAE1E3916C63}"
EndProject
Project("{2150E333-8FDC-42A3-9474-1A3956D46DE8}") = "TelemetryDlls", "TelemetryDlls", "{53C03628-5518-4BF1-BA21-1B9E0615A9A4}"
	ProjectSection(SolutionItems) = preProject
		AboutTemetryDlls.txt = AboutTemetryDlls.txt
	EndProjectSection
EndProject
Project("{2150E333-8FDC-42A3-9474-1A3956D46DE8}") = "BackEnd", "BackEnd", "{9329C455-49A7-45AA-A251-6D3110814349}"
EndProject
Project("{2150E333-8FDC-42A3-9474-1A3956D46DE8}") = "TestsAndExamples", "TestsAndExamples", "{D86C9961-2255-4F8B-8977-A9F256111047}"
EndProject
Project("{8BC9CEB8-8B4A-11D0-8D11-00A0C91BC942}") = "Detours", "NativeSources\Detours-master\vc\Detours.vcxproj", "{37489709-8054-4903-9C49-A79846049FC9}"
EndProject
Project("{8BC9CEB8-8B4A-11D0-8D11-00A0C91BC942}") = "InsightApi", "NativeSources\InsightApiCore\InsightApi.vcxproj", "{EE72FBFC-DB2D-4224-8D1F-27E80BB64E18}"
	ProjectSection(ProjectDependencies) = postProject
		{37489709-8054-4903-9C49-A79846049FC9} = {37489709-8054-4903-9C49-A79846049FC9}
	EndProjectSection
EndProject
Project("{8BC9CEB8-8B4A-11D0-8D11-00A0C91BC942}") = "IoDeviceTracking", "NativeSources\TelemetryDlls\IoDeviceTracking\IoDeviceTracking.vcxproj", "{2BA69F61-7F66-4C88-BD86-8E78D08B751B}"
	ProjectSection(ProjectDependencies) = postProject
		{37489709-8054-4903-9C49-A79846049FC9} = {37489709-8054-4903-9C49-A79846049FC9}
	EndProjectSection
EndProject
Project("{9A19103F-16F7-4668-BE54-9A1E7A4F7556}") = "InsightSheath", "ManagedSources\InsightSheath\InsightSheath.csproj", "{13A55C1A-8E83-4D15-9AA5-ADAAC4B7CE6F}"
	ProjectSection(ProjectDependencies) = postProject
		{EE72FBFC-DB2D-4224-8D1F-27E80BB64E18} = {EE72FBFC-DB2D-4224-8D1F-27E80BB64E18}
	EndProjectSection
EndProject
Project("{9A19103F-16F7-4668-BE54-9A1E7A4F7556}") = "InsightDebugger_GUI", "ManagedSources\Insight_Gui\InsightDebugger_GUI.csproj", "{9D0F7C29-39DA-4162-B975-8F91BD4AEBE7}"
EndProject
Project("{8BC9CEB8-8B4A-11D0-8D11-00A0C91BC942}") = "HelloWorld", "TestingAndSamples\HelloWorld\HelloWorld.vcxproj", "{1D2085DE-27BD-4578-AEF1-AA5C52DF0C76}"
	ProjectSection(ProjectDependencies) = postProject
		{37489709-8054-4903-9C49-A79846049FC9} = {37489709-8054-4903-9C49-A79846049FC9}
	EndProjectSection
EndProject
Project("{8BC9CEB8-8B4A-11D0-8D11-00A0C91BC942}") = "DetoursChainingRoutines", "TestingAndSamples\Samples\DetoursChainingRoutines\DetoursChainingRoutines.vcxproj", "{1FEBBD0F-4754-4E3E-B80A-32C514D58B2F}"
	ProjectSection(ProjectDependencies) = postProject
		{37489709-8054-4903-9C49-A79846049FC9} = {37489709-8054-4903-9C49-A79846049FC9}
	EndProjectSection
EndProject
Project("{2150E333-8FDC-42A3-9474-1A3956D46DE8}") = "NonGitHub", "NonGitHub", "{AB41BB9B-23F3-478A-B17A-1F2CE974C35E}"
EndProject
Project("{8BC9CEB8-8B4A-11D0-8D11-00A0C91BC942}") = "ObjectAttributesOffsets", "TestingAndSamples\ObjectAttributesOffsets\ObjectAttributesOffsets.vcxproj", "{F7B14412-C336-44C4-A502-B4AA061081FF}"
EndProject
Project("{8BC9CEB8-8B4A-11D0-8D11-00A0C91BC942}") = "LaunchNotepadDebugged", "TestingAndSamples\LaunchNotepadDebugged\LaunchNotepadDebugged.vcxproj", "{BB7A2F49-5998-4DA8-B257-E0978332B669}"
EndProject
Project("{8BC9CEB8-8B4A-11D0-8D11-00A0C91BC942}") = "AntiDebuggingTelemetry", "NativeSources\TelemetryDlls\AntiDebuggingTelemetryDll\AntiDebuggingTelemetry.vcxproj", "{238F29BB-BE3A-407E-AEF0-3D72EFA8785E}"
EndProject
Project("{8BC9CEB8-8B4A-11D0-8D11-00A0C91BC942}") = "AskingAboutMyDebugger", "TestingAndSamples\AskingAboutMyDebugger\AskingAboutMyDebugger.vcxproj", "{8FEB9C8C-5248-4072-9F64-03904FF7AF11}"
EndProject
Project("{2150E333-8FDC-42A3-9474-1A3956D46DE8}") = "DetouringNtCreateUserProcess", "DetouringNtCreateUserProcess", "{E3A77A8C-18E9-4BA5-9CAA-9395540F800C}"
EndProject
Project("{8BC9CEB8-8B4A-11D0-8D11-00A0C91BC942}") = "DummyDll", "TestingAndSamples\DetouringNtCreateUserProcess\DummyDll\DummyDll.vcxproj", "{3700DB78-5452-4E01-AF38-DB11924E6D66}"
EndProject
Project("{8BC9CEB8-8B4A-11D0-8D11-00A0C91BC942}") = "LaunchApp", "TestingAndSamples\DetouringNtCreateUserProcess\LaunchApp\LaunchApp.vcxproj", "{FF75D0FB-1FD6-493D-B4D4-B33BDD460B37}"
EndProject
Project("{8BC9CEB8-8B4A-11D0-8D11-00A0C91BC942}") = "ProcessLoader", "NativeSources\TelemetryDlls\ProcessLoader\ProcessLoader.vcxproj", "{EE03439A-1DB7-45D8-A3A0-C13A6D988F5C}"
EndProject
Project("{2150E333-8FDC-42A3-9474-1A3956D46DE8}") = "NewFolder1", "NewFolder1", "{78E852B9-BCC3-4A71-BE04-FD8EE53988EF}"
EndProject
Project("{9A19103F-16F7-4668-BE54-9A1E7A4F7556}") = "ProcessSpawn", "TestingAndSamples\ProcessSpawn\ProcessSpawn\ProcessSpawn.csproj", "{D48914E0-773F-465B-BACE-0E604387A79C}"
EndProject
Project("{9A19103F-16F7-4668-BE54-9A1E7A4F7556}") = "ProcessSpawnWithDebugEvent", "TestingAndSamples\ProcessSpawnWithDebugEvent\ProcessSpawnWithDebugEvent.csproj", "{E2B05440-662A-45F9-8E5A-EDF12C2FE077}"
EndProject
Project("{2150E333-8FDC-42A3-9474-1A3956D46DE8}") = "ResourceExample", "ResourceExample", "{E7FDDA61-520E-4695-BFC5-116D4C8AA6F1}"
EndProject
Project("{8BC9CEB8-8B4A-11D0-8D11-00A0C91BC942}") = "ResourceExample", "TestingAndSamples\ResDummy\ResourceExample\ResourceExample.vcxproj", "{70812384-37E5-442F-A56E-AB8B44AF1370}"
EndProject
Global
	GlobalSection(SolutionConfigurationPlatforms) = preSolution
		Debug|Any CPU = Debug|Any CPU
		Debug|x64 = Debug|x64
		Debug|x86 = Debug|x86
		Release|Any CPU = Release|Any CPU
		Release|x64 = Release|x64
		Release|x86 = Release|x86
	EndGlobalSection
	GlobalSection(ProjectConfigurationPlatforms) = postSolution
		{37489709-8054-4903-9C49-A79846049FC9}.Debug|Any CPU.ActiveCfg = Debug|Win32
		{37489709-8054-4903-9C49-A79846049FC9}.Debug|x64.ActiveCfg = Debug|x64
		{37489709-8054-4903-9C49-A79846049FC9}.Debug|x64.Build.0 = Debug|x64
		{37489709-8054-4903-9C49-A79846049FC9}.Debug|x86.ActiveCfg = Debug|Win32
		{37489709-8054-4903-9C49-A79846049FC9}.Debug|x86.Build.0 = Debug|Win32
		{37489709-8054-4903-9C49-A79846049FC9}.Release|Any CPU.ActiveCfg = Release|Win32
		{37489709-8054-4903-9C49-A79846049FC9}.Release|Any CPU.Build.0 = Release|Win32
		{37489709-8054-4903-9C49-A79846049FC9}.Release|x64.ActiveCfg = Release|x64
		{37489709-8054-4903-9C49-A79846049FC9}.Release|x64.Build.0 = Release|x64
		{37489709-8054-4903-9C49-A79846049FC9}.Release|x86.ActiveCfg = Release|Win32
		{37489709-8054-4903-9C49-A79846049FC9}.Release|x86.Build.0 = Release|Win32
		{EE72FBFC-DB2D-4224-8D1F-27E80BB64E18}.Debug|Any CPU.ActiveCfg = Debug|Win32
		{EE72FBFC-DB2D-4224-8D1F-27E80BB64E18}.Debug|x64.ActiveCfg = Debug|x64
		{EE72FBFC-DB2D-4224-8D1F-27E80BB64E18}.Debug|x64.Build.0 = Debug|x64
		{EE72FBFC-DB2D-4224-8D1F-27E80BB64E18}.Debug|x86.ActiveCfg = Debug|Win32
		{EE72FBFC-DB2D-4224-8D1F-27E80BB64E18}.Debug|x86.Build.0 = Debug|Win32
		{EE72FBFC-DB2D-4224-8D1F-27E80BB64E18}.Release|Any CPU.ActiveCfg = Release|Win32
		{EE72FBFC-DB2D-4224-8D1F-27E80BB64E18}.Release|Any CPU.Build.0 = Release|Win32
		{EE72FBFC-DB2D-4224-8D1F-27E80BB64E18}.Release|x64.ActiveCfg = Release|x64
		{EE72FBFC-DB2D-4224-8D1F-27E80BB64E18}.Release|x64.Build.0 = Release|x64
		{EE72FBFC-DB2D-4224-8D1F-27E80BB64E18}.Release|x86.ActiveCfg = Release|Win32
		{EE72FBFC-DB2D-4224-8D1F-27E80BB64E18}.Release|x86.Build.0 = Release|Win32
		{2BA69F61-7F66-4C88-BD86-8E78D08B751B}.Debug|Any CPU.ActiveCfg = Debug|Win32
		{2BA69F61-7F66-4C88-BD86-8E78D08B751B}.Debug|x64.ActiveCfg = Debug|x64
		{2BA69F61-7F66-4C88-BD86-8E78D08B751B}.Debug|x64.Build.0 = Debug|x64
		{2BA69F61-7F66-4C88-BD86-8E78D08B751B}.Debug|x86.ActiveCfg = Debug|Win32
		{2BA69F61-7F66-4C88-BD86-8E78D08B751B}.Debug|x86.Build.0 = Debug|Win32
		{2BA69F61-7F66-4C88-BD86-8E78D08B751B}.Release|Any CPU.ActiveCfg = Release|Win32
		{2BA69F61-7F66-4C88-BD86-8E78D08B751B}.Release|Any CPU.Build.0 = Release|Win32
		{2BA69F61-7F66-4C88-BD86-8E78D08B751B}.Release|x64.ActiveCfg = Release|x64
		{2BA69F61-7F66-4C88-BD86-8E78D08B751B}.Release|x64.Build.0 = Release|x64
		{2BA69F61-7F66-4C88-BD86-8E78D08B751B}.Release|x86.ActiveCfg = Release|Win32
		{2BA69F61-7F66-4C88-BD86-8E78D08B751B}.Release|x86.Build.0 = Release|Win32
		{13A55C1A-8E83-4D15-9AA5-ADAAC4B7CE6F}.Debug|Any CPU.ActiveCfg = Debug|Any CPU
		{13A55C1A-8E83-4D15-9AA5-ADAAC4B7CE6F}.Debug|Any CPU.Build.0 = Debug|Any CPU
		{13A55C1A-8E83-4D15-9AA5-ADAAC4B7CE6F}.Debug|x64.ActiveCfg = Debug|Any CPU
		{13A55C1A-8E83-4D15-9AA5-ADAAC4B7CE6F}.Debug|x64.Build.0 = Debug|Any CPU
		{13A55C1A-8E83-4D15-9AA5-ADAAC4B7CE6F}.Debug|x86.ActiveCfg = Debug|Any CPU
		{13A55C1A-8E83-4D15-9AA5-ADAAC4B7CE6F}.Debug|x86.Build.0 = Debug|Any CPU
		{13A55C1A-8E83-4D15-9AA5-ADAAC4B7CE6F}.Release|Any CPU.ActiveCfg = Release|Any CPU
		{13A55C1A-8E83-4D15-9AA5-ADAAC4B7CE6F}.Release|Any CPU.Build.0 = Release|Any CPU
		{13A55C1A-8E83-4D15-9AA5-ADAAC4B7CE6F}.Release|x64.ActiveCfg = Release|Any CPU
		{13A55C1A-8E83-4D15-9AA5-ADAAC4B7CE6F}.Release|x64.Build.0 = Release|Any CPU
		{13A55C1A-8E83-4D15-9AA5-ADAAC4B7CE6F}.Release|x86.ActiveCfg = Release|Any CPU
		{13A55C1A-8E83-4D15-9AA5-ADAAC4B7CE6F}.Release|x86.Build.0 = Release|Any CPU
		{9D0F7C29-39DA-4162-B975-8F91BD4AEBE7}.Debug|Any CPU.ActiveCfg = Debug|Any CPU
		{9D0F7C29-39DA-4162-B975-8F91BD4AEBE7}.Debug|Any CPU.Build.0 = Debug|Any CPU
		{9D0F7C29-39DA-4162-B975-8F91BD4AEBE7}.Debug|x64.ActiveCfg = Debug|Any CPU
		{9D0F7C29-39DA-4162-B975-8F91BD4AEBE7}.Debug|x64.Build.0 = Debug|Any CPU
		{9D0F7C29-39DA-4162-B975-8F91BD4AEBE7}.Debug|x86.ActiveCfg = Debug|Any CPU
		{9D0F7C29-39DA-4162-B975-8F91BD4AEBE7}.Debug|x86.Build.0 = Debug|Any CPU
		{9D0F7C29-39DA-4162-B975-8F91BD4AEBE7}.Release|Any CPU.ActiveCfg = Release|Any CPU
		{9D0F7C29-39DA-4162-B975-8F91BD4AEBE7}.Release|Any CPU.Build.0 = Release|Any CPU
		{9D0F7C29-39DA-4162-B975-8F91BD4AEBE7}.Release|x64.ActiveCfg = Release|Any CPU
		{9D0F7C29-39DA-4162-B975-8F91BD4AEBE7}.Release|x64.Build.0 = Release|Any CPU
		{9D0F7C29-39DA-4162-B975-8F91BD4AEBE7}.Release|x86.ActiveCfg = Release|Any CPU
		{9D0F7C29-39DA-4162-B975-8F91BD4AEBE7}.Release|x86.Build.0 = Release|Any CPU
		{1D2085DE-27BD-4578-AEF1-AA5C52DF0C76}.Debug|Any CPU.ActiveCfg = Debug|Win32
		{1D2085DE-27BD-4578-AEF1-AA5C52DF0C76}.Debug|x64.ActiveCfg = Debug|x64
		{1D2085DE-27BD-4578-AEF1-AA5C52DF0C76}.Debug|x64.Build.0 = Debug|x64
		{1D2085DE-27BD-4578-AEF1-AA5C52DF0C76}.Debug|x86.ActiveCfg = Debug|Win32
		{1D2085DE-27BD-4578-AEF1-AA5C52DF0C76}.Debug|x86.Build.0 = Debug|Win32
		{1D2085DE-27BD-4578-AEF1-AA5C52DF0C76}.Release|Any CPU.ActiveCfg = Release|Win32
		{1D2085DE-27BD-4578-AEF1-AA5C52DF0C76}.Release|Any CPU.Build.0 = Release|Win32
		{1D2085DE-27BD-4578-AEF1-AA5C52DF0C76}.Release|x64.ActiveCfg = Release|x64
		{1D2085DE-27BD-4578-AEF1-AA5C52DF0C76}.Release|x64.Build.0 = Release|x64
		{1D2085DE-27BD-4578-AEF1-AA5C52DF0C76}.Release|x86.ActiveCfg = Release|Win32
		{1D2085DE-27BD-4578-AEF1-AA5C52DF0C76}.Release|x86.Build.0 = Release|Win32
		{1FEBBD0F-4754-4E3E-B80A-32C514D58B2F}.Debug|Any CPU.ActiveCfg = Debug|Win32
		{1FEBBD0F-4754-4E3E-B80A-32C514D58B2F}.Debug|x64.ActiveCfg = Debug|x64
		{1FEBBD0F-4754-4E3E-B80A-32C514D58B2F}.Debug|x64.Build.0 = Debug|x64
		{1FEBBD0F-4754-4E3E-B80A-32C514D58B2F}.Debug|x86.ActiveCfg = Debug|Win32
		{1FEBBD0F-4754-4E3E-B80A-32C514D58B2F}.Debug|x86.Build.0 = Debug|Win32
		{1FEBBD0F-4754-4E3E-B80A-32C514D58B2F}.Release|Any CPU.ActiveCfg = Release|Win32
		{1FEBBD0F-4754-4E3E-B80A-32C514D58B2F}.Release|Any CPU.Build.0 = Release|Win32
		{1FEBBD0F-4754-4E3E-B80A-32C514D58B2F}.Release|x64.ActiveCfg = Release|x64
		{1FEBBD0F-4754-4E3E-B80A-32C514D58B2F}.Release|x64.Build.0 = Release|x64
		{1FEBBD0F-4754-4E3E-B80A-32C514D58B2F}.Release|x86.ActiveCfg = Release|Win32
		{1FEBBD0F-4754-4E3E-B80A-32C514D58B2F}.Release|x86.Build.0 = Release|Win32
		{F7B14412-C336-44C4-A502-B4AA061081FF}.Debug|Any CPU.ActiveCfg = Debug|Win32
		{F7B14412-C336-44C4-A502-B4AA061081FF}.Debug|x64.ActiveCfg = Debug|x64
		{F7B14412-C336-44C4-A502-B4AA061081FF}.Debug|x64.Build.0 = Debug|x64
		{F7B14412-C336-44C4-A502-B4AA061081FF}.Debug|x86.ActiveCfg = Debug|Win32
		{F7B14412-C336-44C4-A502-B4AA061081FF}.Debug|x86.Build.0 = Debug|Win32
		{F7B14412-C336-44C4-A502-B4AA061081FF}.Release|Any CPU.ActiveCfg = Release|Win32
		{F7B14412-C336-44C4-A502-B4AA061081FF}.Release|x64.ActiveCfg = Release|x64
		{F7B14412-C336-44C4-A502-B4AA061081FF}.Release|x64.Build.0 = Release|x64
		{F7B14412-C336-44C4-A502-B4AA061081FF}.Release|x86.ActiveCfg = Release|Win32
		{F7B14412-C336-44C4-A502-B4AA061081FF}.Release|x86.Build.0 = Release|Win32
		{BB7A2F49-5998-4DA8-B257-E0978332B669}.Debug|Any CPU.ActiveCfg = Debug|Win32
		{BB7A2F49-5998-4DA8-B257-E0978332B669}.Debug|x64.ActiveCfg = Debug|x64
		{BB7A2F49-5998-4DA8-B257-E0978332B669}.Debug|x64.Build.0 = Debug|x64
		{BB7A2F49-5998-4DA8-B257-E0978332B669}.Debug|x86.ActiveCfg = Debug|Win32
		{BB7A2F49-5998-4DA8-B257-E0978332B669}.Debug|x86.Build.0 = Debug|Win32
		{BB7A2F49-5998-4DA8-B257-E0978332B669}.Release|Any CPU.ActiveCfg = Release|Win32
		{BB7A2F49-5998-4DA8-B257-E0978332B669}.Release|x64.ActiveCfg = Release|x64
		{BB7A2F49-5998-4DA8-B257-E0978332B669}.Release|x64.Build.0 = Release|x64
		{BB7A2F49-5998-4DA8-B257-E0978332B669}.Release|x86.ActiveCfg = Release|Win32
		{BB7A2F49-5998-4DA8-B257-E0978332B669}.Release|x86.Build.0 = Release|Win32
		{238F29BB-BE3A-407E-AEF0-3D72EFA8785E}.Debug|Any CPU.ActiveCfg = Debug|Win32
		{238F29BB-BE3A-407E-AEF0-3D72EFA8785E}.Debug|x64.ActiveCfg = Debug|x64
		{238F29BB-BE3A-407E-AEF0-3D72EFA8785E}.Debug|x64.Build.0 = Debug|x64
		{238F29BB-BE3A-407E-AEF0-3D72EFA8785E}.Debug|x86.ActiveCfg = Debug|Win32
		{238F29BB-BE3A-407E-AEF0-3D72EFA8785E}.Debug|x86.Build.0 = Debug|Win32
		{238F29BB-BE3A-407E-AEF0-3D72EFA8785E}.Release|Any CPU.ActiveCfg = Release|Win32
		{238F29BB-BE3A-407E-AEF0-3D72EFA8785E}.Release|x64.ActiveCfg = Release|x64
		{238F29BB-BE3A-407E-AEF0-3D72EFA8785E}.Release|x64.Build.0 = Release|x64
		{238F29BB-BE3A-407E-AEF0-3D72EFA8785E}.Release|x86.ActiveCfg = Release|Win32
		{238F29BB-BE3A-407E-AEF0-3D72EFA8785E}.Release|x86.Build.0 = Release|Win32
		{8FEB9C8C-5248-4072-9F64-03904FF7AF11}.Debug|Any CPU.ActiveCfg = Debug|Win32
		{8FEB9C8C-5248-4072-9F64-03904FF7AF11}.Debug|x64.ActiveCfg = Debug|x64
		{8FEB9C8C-5248-4072-9F64-03904FF7AF11}.Debug|x64.Build.0 = Debug|x64
		{8FEB9C8C-5248-4072-9F64-03904FF7AF11}.Debug|x86.ActiveCfg = Debug|Win32
		{8FEB9C8C-5248-4072-9F64-03904FF7AF11}.Debug|x86.Build.0 = Debug|Win32
		{8FEB9C8C-5248-4072-9F64-03904FF7AF11}.Release|Any CPU.ActiveCfg = Release|Win32
		{8FEB9C8C-5248-4072-9F64-03904FF7AF11}.Release|x64.ActiveCfg = Release|x64
		{8FEB9C8C-5248-4072-9F64-03904FF7AF11}.Release|x64.Build.0 = Release|x64
		{8FEB9C8C-5248-4072-9F64-03904FF7AF11}.Release|x86.ActiveCfg = Release|Win32
		{8FEB9C8C-5248-4072-9F64-03904FF7AF11}.Release|x86.Build.0 = Release|Win32
		{3700DB78-5452-4E01-AF38-DB11924E6D66}.Debug|Any CPU.ActiveCfg = Debug|Win32
		{3700DB78-5452-4E01-AF38-DB11924E6D66}.Debug|x64.ActiveCfg = Debug|x64
		{3700DB78-5452-4E01-AF38-DB11924E6D66}.Debug|x64.Build.0 = Debug|x64
		{3700DB78-5452-4E01-AF38-DB11924E6D66}.Debug|x86.ActiveCfg = Debug|Win32
		{3700DB78-5452-4E01-AF38-DB11924E6D66}.Debug|x86.Build.0 = Debug|Win32
		{3700DB78-5452-4E01-AF38-DB11924E6D66}.Release|Any CPU.ActiveCfg = Release|Win32
		{3700DB78-5452-4E01-AF38-DB11924E6D66}.Release|x64.ActiveCfg = Release|x64
		{3700DB78-5452-4E01-AF38-DB11924E6D66}.Release|x64.Build.0 = Release|x64
		{3700DB78-5452-4E01-AF38-DB11924E6D66}.Release|x86.ActiveCfg = Release|Win32
		{3700DB78-5452-4E01-AF38-DB11924E6D66}.Release|x86.Build.0 = Release|Win32
		{FF75D0FB-1FD6-493D-B4D4-B33BDD460B37}.Debug|Any CPU.ActiveCfg = Debug|Win32
		{FF75D0FB-1FD6-493D-B4D4-B33BDD460B37}.Debug|x64.ActiveCfg = Debug|x64
		{FF75D0FB-1FD6-493D-B4D4-B33BDD460B37}.Debug|x64.Build.0 = Debug|x64
		{FF75D0FB-1FD6-493D-B4D4-B33BDD460B37}.Debug|x86.ActiveCfg = Debug|Win32
		{FF75D0FB-1FD6-493D-B4D4-B33BDD460B37}.Debug|x86.Build.0 = Debug|Win32
		{FF75D0FB-1FD6-493D-B4D4-B33BDD460B37}.Release|Any CPU.ActiveCfg = Release|Win32
		{FF75D0FB-1FD6-493D-B4D4-B33BDD460B37}.Release|x64.ActiveCfg = Release|x64
		{FF75D0FB-1FD6-493D-B4D4-B33BDD460B37}.Release|x64.Build.0 = Release|x64
		{FF75D0FB-1FD6-493D-B4D4-B33BDD460B37}.Release|x86.ActiveCfg = Release|Win32
		{FF75D0FB-1FD6-493D-B4D4-B33BDD460B37}.Release|x86.Build.0 = Release|Win32
		{EE03439A-1DB7-45D8-A3A0-C13A6D988F5C}.Debug|Any CPU.ActiveCfg = Debug|Win32
		{EE03439A-1DB7-45D8-A3A0-C13A6D988F5C}.Debug|x64.ActiveCfg = Debug|x64
		{EE03439A-1DB7-45D8-A3A0-C13A6D988F5C}.Debug|x64.Build.0 = Debug|x64
		{EE03439A-1DB7-45D8-A3A0-C13A6D988F5C}.Debug|x86.ActiveCfg = Debug|Win32
		{EE03439A-1DB7-45D8-A3A0-C13A6D988F5C}.Debug|x86.Build.0 = Debug|Win32
		{EE03439A-1DB7-45D8-A3A0-C13A6D988F5C}.Release|Any CPU.ActiveCfg = Release|Win32
		{EE03439A-1DB7-45D8-A3A0-C13A6D988F5C}.Release|x64.ActiveCfg = Release|x64
		{EE03439A-1DB7-45D8-A3A0-C13A6D988F5C}.Release|x64.Build.0 = Release|x64
		{EE03439A-1DB7-45D8-A3A0-C13A6D988F5C}.Release|x86.ActiveCfg = Release|Win32
		{EE03439A-1DB7-45D8-A3A0-C13A6D988F5C}.Release|x86.Build.0 = Release|Win32
		{D48914E0-773F-465B-BACE-0E604387A79C}.Debug|Any CPU.ActiveCfg = Debug|Any CPU
		{D48914E0-773F-465B-BACE-0E604387A79C}.Debug|Any CPU.Build.0 = Debug|Any CPU
		{D48914E0-773F-465B-BACE-0E604387A79C}.Debug|x64.ActiveCfg = Debug|Any CPU
		{D48914E0-773F-465B-BACE-0E604387A79C}.Debug|x64.Build.0 = Debug|Any CPU
		{D48914E0-773F-465B-BACE-0E604387A79C}.Debug|x86.ActiveCfg = Debug|Any CPU
		{D48914E0-773F-465B-BACE-0E604387A79C}.Debug|x86.Build.0 = Debug|Any CPU
		{D48914E0-773F-465B-BACE-0E604387A79C}.Release|Any CPU.ActiveCfg = Release|Any CPU
		{D48914E0-773F-465B-BACE-0E604387A79C}.Release|Any CPU.Build.0 = Release|Any CPU
		{D48914E0-773F-465B-BACE-0E604387A79C}.Release|x64.ActiveCfg = Release|Any CPU
		{D48914E0-773F-465B-BACE-0E604387A79C}.Release|x64.Build.0 = Release|Any CPU
		{D48914E0-773F-465B-BACE-0E604387A79C}.Release|x86.ActiveCfg = Release|Any CPU
		{D48914E0-773F-465B-BACE-0E604387A79C}.Release|x86.Build.0 = Release|Any CPU
		{E2B05440-662A-45F9-8E5A-EDF12C2FE077}.Debug|Any CPU.ActiveCfg = Debug|Any CPU
		{E2B05440-662A-45F9-8E5A-EDF12C2FE077}.Debug|Any CPU.Build.0 = Debug|Any CPU
		{E2B05440-662A-45F9-8E5A-EDF12C2FE077}.Debug|x64.ActiveCfg = Debug|Any CPU
		{E2B05440-662A-45F9-8E5A-EDF12C2FE077}.Debug|x64.Build.0 = Debug|Any CPU
		{E2B05440-662A-45F9-8E5A-EDF12C2FE077}.Debug|x86.ActiveCfg = Debug|Any CPU
		{E2B05440-662A-45F9-8E5A-EDF12C2FE077}.Debug|x86.Build.0 = Debug|Any CPU
		{E2B05440-662A-45F9-8E5A-EDF12C2FE077}.Release|Any CPU.ActiveCfg = Release|Any CPU
		{E2B05440-662A-45F9-8E5A-EDF12C2FE077}.Release|Any CPU.Build.0 = Release|Any CPU
		{E2B05440-662A-45F9-8E5A-EDF12C2FE077}.Release|x64.ActiveCfg = Release|Any CPU
		{E2B05440-662A-45F9-8E5A-EDF12C2FE077}.Release|x64.Build.0 = Release|Any CPU
		{E2B05440-662A-45F9-8E5A-EDF12C2FE077}.Release|x86.ActiveCfg = Release|Any CPU
		{E2B05440-662A-45F9-8E5A-EDF12C2FE077}.Release|x86.Build.0 = Release|Any CPU
		{70812384-37E5-442F-A56E-AB8B44AF1370}.Debug|Any CPU.ActiveCfg = Debug|Win32
		{70812384-37E5-442F-A56E-AB8B44AF1370}.Debug|x64.ActiveCfg = Debug|x64
		{70812384-37E5-442F-A56E-AB8B44AF1370}.Debug|x64.Build.0 = Debug|x64
		{70812384-37E5-442F-A56E-AB8B44AF1370}.Debug|x86.ActiveCfg = Debug|Win32
		{70812384-37E5-442F-A56E-AB8B44AF1370}.Debug|x86.Build.0 = Debug|Win32
		{70812384-37E5-442F-A56E-AB8B44AF1370}.Release|Any CPU.ActiveCfg = Release|Win32
		{70812384-37E5-442F-A56E-AB8B44AF1370}.Release|x64.ActiveCfg = Release|x64
		{70812384-37E5-442F-A56E-AB8B44AF1370}.Release|x64.Build.0 = Release|x64
		{70812384-37E5-442F-A56E-AB8B44AF1370}.Release|x86.ActiveCfg = Release|Win32
		{70812384-37E5-442F-A56E-AB8B44AF1370}.Release|x86.Build.0 = Release|Win32
	EndGlobalSection
	GlobalSection(SolutionProperties) = preSolution
		HideSolutionNode = FALSE
	EndGlobalSection
	GlobalSection(NestedProjects) = preSolution
		{D108851A-A924-4047-AF33-B0746C077440} = {D86C9961-2255-4F8B-8977-A9F256111047}
		{ACF7442C-24A1-4D99-9115-A0F8018098CB} = {9329C455-49A7-45AA-A251-6D3110814349}
		{B2EC8477-99E2-44D4-AEEA-AAE1E3916C63} = {D86C9961-2255-4F8B-8977-A9F256111047}
		{53C03628-5518-4BF1-BA21-1B9E0615A9A4} = {ACF7442C-24A1-4D99-9115-A0F8018098CB}
		{37489709-8054-4903-9C49-A79846049FC9} = {9329C455-49A7-45AA-A251-6D3110814349}
		{EE72FBFC-DB2D-4224-8D1F-27E80BB64E18} = {9329C455-49A7-45AA-A251-6D3110814349}
		{2BA69F61-7F66-4C88-BD86-8E78D08B751B} = {53C03628-5518-4BF1-BA21-1B9E0615A9A4}
		{13A55C1A-8E83-4D15-9AA5-ADAAC4B7CE6F} = {08598AE4-A53E-4FE0-BC88-356B318F3BB0}
		{9D0F7C29-39DA-4162-B975-8F91BD4AEBE7} = {08598AE4-A53E-4FE0-BC88-356B318F3BB0}
		{1D2085DE-27BD-4578-AEF1-AA5C52DF0C76} = {D108851A-A924-4047-AF33-B0746C077440}
		{1FEBBD0F-4754-4E3E-B80A-32C514D58B2F} = {D108851A-A924-4047-AF33-B0746C077440}
		{F7B14412-C336-44C4-A502-B4AA061081FF} = {B2EC8477-99E2-44D4-AEEA-AAE1E3916C63}
		{BB7A2F49-5998-4DA8-B257-E0978332B669} = {B2EC8477-99E2-44D4-AEEA-AAE1E3916C63}
		{238F29BB-BE3A-407E-AEF0-3D72EFA8785E} = {53C03628-5518-4BF1-BA21-1B9E0615A9A4}
		{8FEB9C8C-5248-4072-9F64-03904FF7AF11} = {B2EC8477-99E2-44D4-AEEA-AAE1E3916C63}
		{E3A77A8C-18E9-4BA5-9CAA-9395540F800C} = {B2EC8477-99E2-44D4-AEEA-AAE1E3916C63}
		{3700DB78-5452-4E01-AF38-DB11924E6D66} = {E3A77A8C-18E9-4BA5-9CAA-9395540F800C}
		{FF75D0FB-1FD6-493D-B4D4-B33BDD460B37} = {E3A77A8C-18E9-4BA5-9CAA-9395540F800C}
		{EE03439A-1DB7-45D8-A3A0-C13A6D988F5C} = {53C03628-5518-4BF1-BA21-1B9E0615A9A4}
		{78E852B9-BCC3-4A71-BE04-FD8EE53988EF} = {D86C9961-2255-4F8B-8977-A9F256111047}
		{D48914E0-773F-465B-BACE-0E604387A79C} = {D108851A-A924-4047-AF33-B0746C077440}
		{E2B05440-662A-45F9-8E5A-EDF12C2FE077} = {D108851A-A924-4047-AF33-B0746C077440}
		{E7FDDA61-520E-4695-BFC5-116D4C8AA6F1} = {B2EC8477-99E2-44D4-AEEA-AAE1E3916C63}
		{70812384-37E5-442F-A56E-AB8B44AF1370} = {E7FDDA61-520E-4695-BFC5-116D4C8AA6F1}
	EndGlobalSection
	GlobalSection(ExtensibilityGlobals) = postSolution
		SolutionGuid = {B6CF70ED-92F3-4E3A-98F2-701A62654ADB}
	EndGlobalSection
EndGlobal
