<?xml version="1.0" encoding="utf-8"?>
<Project ToolsVersion="4.0" xmlns="http://schemas.microsoft.com/developer/msbuild/2003">
  <ItemGroup>
    <Filter Include="Source Files">
      <UniqueIdentifier>{4FC737F1-C7A5-4376-A066-2A32D752A2FF}</UniqueIdentifier>
      <Extensions>cpp;c;cc;cxx;c++;cppm;ixx;def;odl;idl;hpj;bat;asm;asmx</Extensions>
    </Filter>
    <Filter Include="Header Files">
      <UniqueIdentifier>{93995380-89BD-4b04-88EB-625FBE52EBFB}</UniqueIdentifier>
      <Extensions>h;hh;hpp;hxx;h++;hm;inl;inc;ipp;xsd</Extensions>
    </Filter>
    <Filter Include="Resource Files">
      <UniqueIdentifier>{67DA6AB6-F800-4c08-8B7A-83BB121AAD01}</UniqueIdentifier>
      <Extensions>rc;ico;cur;bmp;dlg;rc2;rct;bin;rgs;gif;jpg;jpeg;jpe;resx;tiff;tif;png;wav;mfcribbon-ms</Extensions>
    </Filter>
    <Filter Include="Header Files\ClassDefines">
      <UniqueIdentifier>{223598d9-df55-441c-9e07-f871f6632576}</UniqueIdentifier>
    </Filter>
    <Filter Include="Source Files\ClassSource">
      <UniqueIdentifier>{e879678c-edaf-40a2-89dd-2f82f91a8bc1}</UniqueIdentifier>
    </Filter>
    <Filter Include="Source Files\PublicWin32Exports">
      <UniqueIdentifier>{fccf0de8-1781-41f9-86c6-0a6c94dfea8b}</UniqueIdentifier>
    </Filter>
    <Filter Include="Source Files\PublicWin32Exports\DetourPayloadHandling">
      <UniqueIdentifier>{584f3222-3765-4c89-b43b-49778ff0b314}</UniqueIdentifier>
    </Filter>
    <Filter Include="Source Files\PublicWin32Exports\Misc">
      <UniqueIdentifier>{57f3c625-02be-4a73-bb0e-4aa6004663f5}</UniqueIdentifier>
    </Filter>
    <Filter Include="Source Files\CLevelWrappers">
      <UniqueIdentifier>{7a0a72f1-e707-4ca4-9f43-f25bb3e119cc}</UniqueIdentifier>
    </Filter>
    <Filter Include="Source Files\Depreciated">
      <UniqueIdentifier>{092f2dd2-a0bd-41c3-aaf3-9b613b871ee2}</UniqueIdentifier>
    </Filter>
    <Filter Include="Header Files\Depreciated">
      <UniqueIdentifier>{e5344c1f-1b92-4fde-84d1-e4fd33e36b8d}</UniqueIdentifier>
    </Filter>
  </ItemGroup>
  <ItemGroup>
    <ClCompile Include="PS_ProcessInformation.cpp">
      <Filter>Source Files\ClassSource</Filter>
    </ClCompile>
    <ClCompile Include="Utility.cpp">
      <Filter>Source Files\PublicWin32Exports\Misc</Filter>
    </ClCompile>
    <ClCompile Include="Api_DllMain.cpp">
      <Filter>Source Files\PublicWin32Exports\Misc</Filter>
    </ClCompile>
    <ClCompile Include="PS_ProcessInformationClass_CExports.cpp">
      <Filter>Source Files\CLevelWrappers</Filter>
    </ClCompile>
    <ClCompile Include="CommandmentSettings.cpp">
      <Filter>Source Files\PublicWin32Exports</Filter>
    </ClCompile>
    <ClCompile Include="DetourPayloads.cpp">
      <Filter>Source Files\PublicWin32Exports\DetourPayloadHandling</Filter>
    </ClCompile>
    <ClCompile Include="InsightClass_CExports.cpp">
      <Filter>Source Files\CLevelWrappers</Filter>
    </ClCompile>
    <ClCompile Include="DebugStruct_CExports.cpp">
      <Filter>Source Files\CLevelWrappers</Filter>
    </ClCompile>
    <ClCompile Include="SymbolInfoStruct_CExports.cpp">
      <Filter>Source Files\CLevelWrappers</Filter>
    </ClCompile>
    <ClCompile Include="DebugNotifyHelperStructWrappers.cpp">
      <Filter>Source Files\CLevelWrappers</Filter>
    </ClCompile>
    <ClCompile Include="InsightHunter.cpp">
      <Filter>Source Files\ClassSource</Filter>
    </ClCompile>
    <ClCompile Include="ProcessContextSingle.cpp">
      <Filter>Source Files\Depreciated</Filter>
    </ClCompile>
    <ClCompile Include="ProcessHandling.cpp">
      <Filter>Source Files\PublicWin32Exports\Misc</Filter>
    </ClCompile>
    <ClCompile Include="RemoteStructureRoutines.cpp">
      <Filter>Source Files\PublicWin32Exports\Misc</Filter>
    </ClCompile>
    <ClCompile Include="ImageHlpModuleStruct_CExports.cpp">
      <Filter>Source Files\CLevelWrappers</Filter>
    </ClCompile>
    <ClCompile Include="DebugLogTarget.cpp">
      <Filter>Source Files\Depreciated</Filter>
    </ClCompile>
    <ClCompile Include="InsightSupport.cpp">
      <Filter>Source Files\ClassSource</Filter>
    </ClCompile>
    <ClCompile Include="ApiVersionStruct_CExports.cpp">
      <Filter>Source Files\CLevelWrappers</Filter>
    </ClCompile>
    <ClCompile Include="ThreadContext.cpp">
      <Filter>Source Files\ClassSource</Filter>
    </ClCompile>
    <ClCompile Include="ContextStruct_CExports.cpp">
      <Filter>Source Files\CLevelWrappers</Filter>
    </ClCompile>
    <ClCompile Include="ThreadContextClass_CExports.cpp">
      <Filter>Source Files\CLevelWrappers</Filter>
    </ClCompile>
  </ItemGroup>
  <ItemGroup>
    <ClInclude Include="FileSandBoxApi.h">
      <Filter>Header Files</Filter>
    </ClInclude>
    <ClInclude Include="Utility.h">
      <Filter>Header Files</Filter>
    </ClInclude>
    <ClInclude Include="RemoteStructure.h">
      <Filter>Header Files</Filter>
    </ClInclude>
    <ClInclude Include="PS_ProcessInformation.h">
      <Filter>Header Files\ClassDefines</Filter>
    </ClInclude>
    <ClInclude Include="CommandmentSettings.h">
      <Filter>Header Files\ClassDefines</Filter>
    </ClInclude>
    <ClInclude Include="DebugLogTarget.h">
      <Filter>Header Files\Depreciated</Filter>
    </ClInclude>
    <ClInclude Include="ProcessContext.h">
      <Filter>Header Files\Depreciated</Filter>
    </ClInclude>
    <ClInclude Include="InsightHunter.h">
      <Filter>Header Files\ClassDefines</Filter>
    </ClInclude>
    <ClInclude Include="InsightSupport.h">
      <Filter>Header Files</Filter>
    </ClInclude>
    <ClInclude Include="ThreadContext.h">
      <Filter>Header Files\ClassDefines</Filter>
    </ClInclude>
  </ItemGroup>
  <ItemGroup>
    <None Include="Exports.def">
      <Filter>Resource Files</Filter>
    </None>
  </ItemGroup>
  <ItemGroup>
    <Text Include="NamingScheme.txt" />
  </ItemGroup>
</Project>