<?xml version="1.0" encoding="utf-8"?>
<Project ToolsVersion="4.0" xmlns="http://schemas.microsoft.com/developer/msbuild/2003">
  <ItemGroup>
    <ClCompile Include="PS_ProcessInformation.cpp">
      <Filter>Source Files\Classes</Filter>
    </ClCompile>
    <ClCompile Include="PS_ProcessInformationClass_CExports.cpp">
      <Filter>Source Files\C Level Class Wrappers</Filter>
    </ClCompile>
    <ClCompile Include="InsightDllMain.cpp">
      <Filter>DllExportStuff</Filter>
    </ClCompile>
    <ClCompile Include="ApiVersionStruct_CExports.cpp">
      <Filter>Source Files\C Level Struct Wrappers</Filter>
    </ClCompile>
    <ClCompile Include="ContextStruct_CExports.cpp">
      <Filter>Source Files\C Level Struct Wrappers</Filter>
    </ClCompile>
    <ClCompile Include="DebugLogTarget.cpp">
      <Filter>Source Files\Depreciated</Filter>
    </ClCompile>
    <ClCompile Include="DebugNotifyHelperStructWrappers.cpp">
      <Filter>Source Files\Depreciated</Filter>
    </ClCompile>
    <ClCompile Include="DebugStruct_CExports.cpp">
      <Filter>Source Files\C Level Struct Wrappers</Filter>
    </ClCompile>
    <ClCompile Include="CommandmentSettings.cpp">
      <Filter>Source Files\Depreciated</Filter>
    </ClCompile>
    <ClCompile Include="DetourPayloads.cpp">
      <Filter>Source Files\Depreciated</Filter>
    </ClCompile>
    <ClCompile Include="ImageHlpModuleStruct_CExports.cpp">
      <Filter>Source Files\C Level Struct Wrappers</Filter>
    </ClCompile>
    <ClCompile Include="InsightClass_CExports.cpp">
      <Filter>Source Files\C Level Class Wrappers</Filter>
    </ClCompile>
    <ClCompile Include="InsightHunter.cpp">
      <Filter>Source Files\Classes</Filter>
    </ClCompile>
    <ClCompile Include="InsightSupport.cpp">
      <Filter>Source Files\Classes</Filter>
    </ClCompile>
    <ClCompile Include="ThreadContext.cpp">
      <Filter>Source Files\Classes</Filter>
    </ClCompile>
    <ClCompile Include="ProcessHandling.cpp">
      <Filter>Source Files\Utility</Filter>
    </ClCompile>
    <ClCompile Include="SymbolInfoStruct_CExports.cpp">
      <Filter>Source Files\C Level Struct Wrappers</Filter>
    </ClCompile>
    <ClCompile Include="RemoteStructureRoutines.cpp">
      <Filter>Source Files\Utility</Filter>
    </ClCompile>
    <ClCompile Include="ThreadContextClass_CExports.cpp">
      <Filter>Source Files\C Level Class Wrappers</Filter>
    </ClCompile>
    <ClCompile Include="ThreadSupport.cpp">
      <Filter>Source Files\Classes</Filter>
    </ClCompile>
    <ClCompile Include="Utility.cpp">
      <Filter>Source Files\Utility</Filter>
    </ClCompile>
    <ClCompile Include="InsightMemory.cpp">
      <Filter>Source Files\Classes</Filter>
    </ClCompile>
    <ClCompile Include="InsightMemory_CWrappers.cpp">
      <Filter>Source Files\C Level Struct Wrappers</Filter>
    </ClCompile>
    <ClCompile Include="StartupInfoStructHelper.cpp">
      <Filter>Source Files\Classes</Filter>
    </ClCompile>
    <ClCompile Include="StartupInfoExW_struct_cExports.cpp">
      <Filter>Source Files\C Level Struct Wrappers</Filter>
    </ClCompile>
    <ClCompile Include="ObjectAttribStruct_cexports.cpp">
      <Filter>Source Files\C Level Struct Wrappers</Filter>
    </ClCompile>
    <ClCompile Include="ObjectAttributesHelper.cpp">
      <Filter>Source Files\Classes</Filter>
    </ClCompile>
  </ItemGroup>
  <ItemGroup>
    <ClInclude Include="InsightHunter.h">
      <Filter>Header Files</Filter>
    </ClInclude>
    <ClInclude Include="CommandmentSettings.h">
      <Filter>Header Files</Filter>
    </ClInclude>
    <ClInclude Include="RemoteStructure.h">
      <Filter>Header Files</Filter>
    </ClInclude>
    <ClInclude Include="PS_ProcessInformation.h">
      <Filter>Header Files</Filter>
    </ClInclude>
    <ClInclude Include="DebugLogTarget.h">
      <Filter>Header Files</Filter>
    </ClInclude>
    <ClInclude Include="InsightSupport.h">
      <Filter>Header Files</Filter>
    </ClInclude>
    <ClInclude Include="ProcessContext.h">
      <Filter>Header Files</Filter>
    </ClInclude>
    <ClInclude Include="ThreadSupport.h">
      <Filter>Header Files</Filter>
    </ClInclude>
    <ClInclude Include="Utility.h">
      <Filter>Header Files</Filter>
    </ClInclude>
    <ClInclude Include="ThreadContext.h">
      <Filter>Header Files</Filter>
    </ClInclude>
    <ClInclude Include="InsightMemory.h">
      <Filter>Header Files</Filter>
    </ClInclude>
    <ClInclude Include="StarutpInfoStructHelper.h">
      <Filter>Header Files</Filter>
    </ClInclude>
    <ClInclude Include="ObjectAttributesHelper.h">
      <Filter>Header Files</Filter>
    </ClInclude>
  </ItemGroup>
  <ItemGroup>
    <Filter Include="DllExportStuff">
      <UniqueIdentifier>{67f6e74f-9ff1-472c-b9a2-ffa91314488f}</UniqueIdentifier>
    </Filter>
    <Filter Include="Classes">
      <UniqueIdentifier>{686b3158-02a3-495b-b403-0237bb1fa2d5}</UniqueIdentifier>
    </Filter>
    <Filter Include="Header Files">
      <UniqueIdentifier>{3c8de725-68ba-4424-a8ea-db8ead7513d7}</UniqueIdentifier>
    </Filter>
    <Filter Include="Source Files">
      <UniqueIdentifier>{68b47e8a-889f-470c-882d-dc576aa8ea8d}</UniqueIdentifier>
    </Filter>
    <Filter Include="Source Files\Classes">
      <UniqueIdentifier>{852ea594-752e-4a71-bf08-26857fdbbe85}</UniqueIdentifier>
    </Filter>
    <Filter Include="Source Files\C Level Class Wrappers">
      <UniqueIdentifier>{b7379a3a-5c30-4d7e-ac7b-8670262fc069}</UniqueIdentifier>
    </Filter>
    <Filter Include="Source Files\Depreciated">
      <UniqueIdentifier>{7e9d95fe-5fce-49ab-a164-01c37c8b08b4}</UniqueIdentifier>
    </Filter>
    <Filter Include="Source Files\Utility">
      <UniqueIdentifier>{a92f8f6f-1312-44de-8cac-70416c0a7efb}</UniqueIdentifier>
    </Filter>
    <Filter Include="Source Files\C Level Struct Wrappers">
      <UniqueIdentifier>{5b64991a-cc67-4951-88f7-30eb8374de33}</UniqueIdentifier>
    </Filter>
  </ItemGroup>
  <ItemGroup>
    <None Include="Exports.def">
      <Filter>DllExportStuff</Filter>
    </None>
  </ItemGroup>
  <ItemGroup>
    <Text Include="NamingScheme.txt" />
  </ItemGroup>
</Project>